// !$*UTF8*$!
{
	archiveVersion = 1;
	classes = {
	};
	objectVersion = 46;
	objects = {

/* Begin PBXBuildFile section */
		1E55A0E213BDC99100CE0268 /* tBar4.png in Resources */ = {isa = PBXBuildFile; fileRef = 1E55A0DD13BDC99100CE0268 /* tBar4.png */; };
		1E55A0E313BDC99100CE0268 /* tBar5.png in Resources */ = {isa = PBXBuildFile; fileRef = 1E55A0DE13BDC99100CE0268 /* tBar5.png */; };
		1E55A0E413BDC99100CE0268 /* tBar3.png in Resources */ = {isa = PBXBuildFile; fileRef = 1E55A0DF13BDC99100CE0268 /* tBar3.png */; };
		1E55A0E513BDC99100CE0268 /* tBar2.png in Resources */ = {isa = PBXBuildFile; fileRef = 1E55A0E013BDC99100CE0268 /* tBar2.png */; };
		1E55A0E613BDC99100CE0268 /* tBar1.png in Resources */ = {isa = PBXBuildFile; fileRef = 1E55A0E113BDC99100CE0268 /* tBar1.png */; };
		1E8A247813BDC765007CF599 /* UIKit.framework in Frameworks */ = {isa = PBXBuildFile; fileRef = 1E8A247713BDC765007CF599 /* UIKit.framework */; };
		1E8A247A13BDC765007CF599 /* Foundation.framework in Frameworks */ = {isa = PBXBuildFile; fileRef = 1E8A247913BDC765007CF599 /* Foundation.framework */; };
		1E8A247C13BDC765007CF599 /* CoreGraphics.framework in Frameworks */ = {isa = PBXBuildFile; fileRef = 1E8A247B13BDC765007CF599 /* CoreGraphics.framework */; };
		1E8A248213BDC765007CF599 /* InfoPlist.strings in Resources */ = {isa = PBXBuildFile; fileRef = 1E8A248013BDC765007CF599 /* InfoPlist.strings */; };
		1E8A248513BDC765007CF599 /* main.m in Sources */ = {isa = PBXBuildFile; fileRef = 1E8A248413BDC765007CF599 /* main.m */; };
		1E8A248813BDC765007CF599 /* cTabBarAppDelegate.m in Sources */ = {isa = PBXBuildFile; fileRef = 1E8A248713BDC765007CF599 /* cTabBarAppDelegate.m */; };
		1E8A248B13BDC765007CF599 /* MainWindow.xib in Resources */ = {isa = PBXBuildFile; fileRef = 1E8A248913BDC765007CF599 /* MainWindow.xib */; };
		1E8A248E13BDC765007CF599 /* FirstViewController.m in Sources */ = {isa = PBXBuildFile; fileRef = 1E8A248D13BDC765007CF599 /* FirstViewController.m */; };
		1E8A249113BDC765007CF599 /* SecondViewController.m in Sources */ = {isa = PBXBuildFile; fileRef = 1E8A249013BDC765007CF599 /* SecondViewController.m */; };
		1E8A249413BDC765007CF599 /* FirstView.xib in Resources */ = {isa = PBXBuildFile; fileRef = 1E8A249213BDC765007CF599 /* FirstView.xib */; };
		1E8A249713BDC765007CF599 /* SecondView.xib in Resources */ = {isa = PBXBuildFile; fileRef = 1E8A249513BDC765007CF599 /* SecondView.xib */; };
/* End PBXBuildFile section */

/* Begin PBXFileReference section */
		1E55A0DD13BDC99100CE0268 /* tBar4.png */ = {isa = PBXFileReference; lastKnownFileType = image.png; path = tBar4.png; sourceTree = "<group>"; };
		1E55A0DE13BDC99100CE0268 /* tBar5.png */ = {isa = PBXFileReference; lastKnownFileType = image.png; path = tBar5.png; sourceTree = "<group>"; };
		1E55A0DF13BDC99100CE0268 /* tBar3.png */ = {isa = PBXFileReference; lastKnownFileType = image.png; path = tBar3.png; sourceTree = "<group>"; };
		1E55A0E013BDC99100CE0268 /* tBar2.png */ = {isa = PBXFileReference; lastKnownFileType = image.png; path = tBar2.png; sourceTree = "<group>"; };
		1E55A0E113BDC99100CE0268 /* tBar1.png */ = {isa = PBXFileReference; lastKnownFileType = image.png; path = tBar1.png; sourceTree = "<group>"; };
		1E8A247313BDC765007CF599 /* cTabBar.app */ = {isa = PBXFileReference; explicitFileType = wrapper.application; includeInIndex = 0; path = cTabBar.app; sourceTree = BUILT_PRODUCTS_DIR; };
		1E8A247713BDC765007CF599 /* UIKit.framework */ = {isa = PBXFileReference; lastKnownFileType = wrapper.framework; name = UIKit.framework; path = System/Library/Frameworks/UIKit.framework; sourceTree = SDKROOT; };
		1E8A247913BDC765007CF599 /* Foundation.framework */ = {isa = PBXFileReference; lastKnownFileType = wrapper.framework; name = Foundation.framework; path = System/Library/Frameworks/Foundation.framework; sourceTree = SDKROOT; };
		1E8A247B13BDC765007CF599 /* CoreGraphics.framework */ = {isa = PBXFileReference; lastKnownFileType = wrapper.framework; name = CoreGraphics.framework; path = System/Library/Frameworks/CoreGraphics.framework; sourceTree = SDKROOT; };
		1E8A247F13BDC765007CF599 /* cTabBar-Info.plist */ = {isa = PBXFileReference; lastKnownFileType = text.plist.xml; path = "cTabBar-Info.plist"; sourceTree = "<group>"; };
		1E8A248113BDC765007CF599 /* en */ = {isa = PBXFileReference; lastKnownFileType = text.plist.strings; name = en; path = en.lproj/InfoPlist.strings; sourceTree = "<group>"; };
		1E8A248313BDC765007CF599 /* cTabBar-Prefix.pch */ = {isa = PBXFileReference; lastKnownFileType = sourcecode.c.h; path = "cTabBar-Prefix.pch"; sourceTree = "<group>"; };
		1E8A248413BDC765007CF599 /* main.m */ = {isa = PBXFileReference; lastKnownFileType = sourcecode.c.objc; path = main.m; sourceTree = "<group>"; };
		1E8A248613BDC765007CF599 /* cTabBarAppDelegate.h */ = {isa = PBXFileReference; lastKnownFileType = sourcecode.c.h; path = cTabBarAppDelegate.h; sourceTree = "<group>"; };
		1E8A248713BDC765007CF599 /* cTabBarAppDelegate.m */ = {isa = PBXFileReference; lastKnownFileType = sourcecode.c.objc; path = cTabBarAppDelegate.m; sourceTree = "<group>"; };
		1E8A248A13BDC765007CF599 /* en */ = {isa = PBXFileReference; lastKnownFileType = file.xib; name = en; path = en.lproj/MainWindow.xib; sourceTree = "<group>"; };
		1E8A248C13BDC765007CF599 /* FirstViewController.h */ = {isa = PBXFileReference; lastKnownFileType = sourcecode.c.h; path = FirstViewController.h; sourceTree = "<group>"; };
		1E8A248D13BDC765007CF599 /* FirstViewController.m */ = {isa = PBXFileReference; lastKnownFileType = sourcecode.c.objc; path = FirstViewController.m; sourceTree = "<group>"; };
		1E8A248F13BDC765007CF599 /* SecondViewController.h */ = {isa = PBXFileReference; lastKnownFileType = sourcecode.c.h; path = SecondViewController.h; sourceTree = "<group>"; };
		1E8A249013BDC765007CF599 /* SecondViewController.m */ = {isa = PBXFileReference; lastKnownFileType = sourcecode.c.objc; path = SecondViewController.m; sourceTree = "<group>"; };
		1E8A249313BDC765007CF599 /* en */ = {isa = PBXFileReference; lastKnownFileType = file.xib; name = en; path = en.lproj/FirstView.xib; sourceTree = "<group>"; };
		1E8A249613BDC765007CF599 /* en */ = {isa = PBXFileReference; lastKnownFileType = file.xib; name = en; path = en.lproj/SecondView.xib; sourceTree = "<group>"; };
/* End PBXFileReference section */

/* Begin PBXFrameworksBuildPhase section */
		1E8A247013BDC765007CF599 /* Frameworks */ = {
			isa = PBXFrameworksBuildPhase;
			buildActionMask = 2147483647;
			files = (
				1E8A247813BDC765007CF599 /* UIKit.framework in Frameworks */,
				1E8A247A13BDC765007CF599 /* Foundation.framework in Frameworks */,
				1E8A247C13BDC765007CF599 /* CoreGraphics.framework in Frameworks */,
			);
			runOnlyForDeploymentPostprocessing = 0;
		};
/* End PBXFrameworksBuildPhase section */

/* Begin PBXGroup section */
		1E8A246813BDC763007CF599 = {
			isa = PBXGroup;
			children = (
				1E8A247D13BDC765007CF599 /* cTabBar */,
				1E8A247613BDC765007CF599 /* Frameworks */,
				1E8A247413BDC765007CF599 /* Products */,
			);
			sourceTree = "<group>";
		};
		1E8A247413BDC765007CF599 /* Products */ = {
			isa = PBXGroup;
			children = (
				1E8A247313BDC765007CF599 /* cTabBar.app */,
			);
			name = Products;
			sourceTree = "<group>";
		};
		1E8A247613BDC765007CF599 /* Frameworks */ = {
			isa = PBXGroup;
			children = (
				1E8A247713BDC765007CF599 /* UIKit.framework */,
				1E8A247913BDC765007CF599 /* Foundation.framework */,
				1E8A247B13BDC765007CF599 /* CoreGraphics.framework */,
			);
			name = Frameworks;
			sourceTree = "<group>";
		};
		1E8A247D13BDC765007CF599 /* cTabBar */ = {
			isa = PBXGroup;
			children = (
				1E8A248613BDC765007CF599 /* cTabBarAppDelegate.h */,
				1E8A248713BDC765007CF599 /* cTabBarAppDelegate.m */,
				1E8A248913BDC765007CF599 /* MainWindow.xib */,
				1E8A248C13BDC765007CF599 /* FirstViewController.h */,
				1E8A248D13BDC765007CF599 /* FirstViewController.m */,
				1E8A248F13BDC765007CF599 /* SecondViewController.h */,
				1E8A249013BDC765007CF599 /* SecondViewController.m */,
				1E8A249213BDC765007CF599 /* FirstView.xib */,
				1E8A249513BDC765007CF599 /* SecondView.xib */,
				1E8A247E13BDC765007CF599 /* Supporting Files */,
			);
			path = cTabBar;
			sourceTree = "<group>";
		};
		1E8A247E13BDC765007CF599 /* Supporting Files */ = {
			isa = PBXGroup;
			children = (
				1E55A0DD13BDC99100CE0268 /* tBar4.png */,
				1E55A0DE13BDC99100CE0268 /* tBar5.png */,
				1E55A0DF13BDC99100CE0268 /* tBar3.png */,
				1E55A0E013BDC99100CE0268 /* tBar2.png */,
				1E55A0E113BDC99100CE0268 /* tBar1.png */,
				1E8A247F13BDC765007CF599 /* cTabBar-Info.plist */,
				1E8A248013BDC765007CF599 /* InfoPlist.strings */,
				1E8A248313BDC765007CF599 /* cTabBar-Prefix.pch */,
				1E8A248413BDC765007CF599 /* main.m */,
			);
			name = "Supporting Files";
			sourceTree = "<group>";
		};
/* End PBXGroup section */

/* Begin PBXNativeTarget section */
		1E8A247213BDC765007CF599 /* cTabBar */ = {
			isa = PBXNativeTarget;
			buildConfigurationList = 1E8A249A13BDC765007CF599 /* Build configuration list for PBXNativeTarget "cTabBar" */;
			buildPhases = (
				1E8A246F13BDC765007CF599 /* Sources */,
				1E8A247013BDC765007CF599 /* Frameworks */,
				1E8A247113BDC765007CF599 /* Resources */,
			);
			buildRules = (
			);
			dependencies = (
			);
			name = cTabBar;
			productName = cTabBar;
			productReference = 1E8A247313BDC765007CF599 /* cTabBar.app */;
			productType = "com.apple.product-type.application";
		};
/* End PBXNativeTarget section */

/* Begin PBXProject section */
		1E8A246A13BDC763007CF599 /* Project object */ = {
			isa = PBXProject;
			buildConfigurationList = 1E8A246D13BDC763007CF599 /* Build configuration list for PBXProject "cTabBar" */;
			compatibilityVersion = "Xcode 3.2";
			developmentRegion = English;
			hasScannedForEncodings = 0;
			knownRegions = (
				en,
			);
			mainGroup = 1E8A246813BDC763007CF599;
			productRefGroup = 1E8A247413BDC765007CF599 /* Products */;
			projectDirPath = "";
			projectRoot = "";
			targets = (
				1E8A247213BDC765007CF599 /* cTabBar */,
			);
		};
/* End PBXProject section */

/* Begin PBXResourcesBuildPhase section */
		1E8A247113BDC765007CF599 /* Resources */ = {
			isa = PBXResourcesBuildPhase;
			buildActionMask = 2147483647;
			files = (
				1E8A248213BDC765007CF599 /* InfoPlist.strings in Resources */,
				1E8A248B13BDC765007CF599 /* MainWindow.xib in Resources */,
				1E8A249413BDC765007CF599 /* FirstView.xib in Resources */,
				1E8A249713BDC765007CF599 /* SecondView.xib in Resources */,
				1E55A0E213BDC99100CE0268 /* tBar4.png in Resources */,
				1E55A0E313BDC99100CE0268 /* tBar5.png in Resources */,
				1E55A0E413BDC99100CE0268 /* tBar3.png in Resources */,
				1E55A0E513BDC99100CE0268 /* tBar2.png in Resources */,
				1E55A0E613BDC99100CE0268 /* tBar1.png in Resources */,
			);
			runOnlyForDeploymentPostprocessing = 0;
		};
/* End PBXResourcesBuildPhase section */

/* Begin PBXSourcesBuildPhase section */
		1E8A246F13BDC765007CF599 /* Sources */ = {
			isa = PBXSourcesBuildPhase;
			buildActionMask = 2147483647;
			files = (
				1E8A248513BDC765007CF599 /* main.m in Sources */,
				1E8A248813BDC765007CF599 /* cTabBarAppDelegate.m in Sources */,
				1E8A248E13BDC765007CF599 /* FirstViewController.m in Sources */,
				1E8A249113BDC765007CF599 /* SecondViewController.m in Sources */,
			);
			runOnlyForDeploymentPostprocessing = 0;
		};
/* End PBXSourcesBuildPhase section */

/* Begin PBXVariantGroup section */
		1E8A248013BDC765007CF599 /* InfoPlist.strings */ = {
			isa = PBXVariantGroup;
			children = (
				1E8A248113BDC765007CF599 /* en */,
			);
			name = InfoPlist.strings;
			sourceTree = "<group>";
		};
		1E8A248913BDC765007CF599 /* MainWindow.xib */ = {
			isa = PBXVariantGroup;
			children = (
				1E8A248A13BDC765007CF599 /* en */,
			);
			name = MainWindow.xib;
			sourceTree = "<group>";
		};
		1E8A249213BDC765007CF599 /* FirstView.xib */ = {
			isa = PBXVariantGroup;
			children = (
				1E8A249313BDC765007CF599 /* en */,
			);
			name = FirstView.xib;
			sourceTree = "<group>";
		};
		1E8A249513BDC765007CF599 /* SecondView.xib */ = {
			isa = PBXVariantGroup;
			children = (
				1E8A249613BDC765007CF599 /* en */,
			);
			name = SecondView.xib;
			sourceTree = "<group>";
		};
/* End PBXVariantGroup section */

/* Begin XCBuildConfiguration section */
		1E8A249813BDC765007CF599 /* Debug */ = {
			isa = XCBuildConfiguration;
			buildSettings = {
				ARCHS = "$(ARCHS_STANDARD_32_BIT)";
				"CODE_SIGN_IDENTITY[sdk=iphoneos*]" = "iPhone Developer";
				GCC_C_LANGUAGE_STANDARD = gnu99;
				GCC_OPTIMIZATION_LEVEL = 0;
				GCC_PREPROCESSOR_DEFINITIONS = DEBUG;
				GCC_SYMBOLS_PRIVATE_EXTERN = NO;
				GCC_VERSION = com.apple.compilers.llvmgcc42;
				GCC_WARN_ABOUT_RETURN_TYPE = YES;
				GCC_WARN_UNUSED_VARIABLE = YES;
				IPHONEOS_DEPLOYMENT_TARGET = 4.3;
				SDKROOT = iphoneos;
			};
			name = Debug;
		};
		1E8A249913BDC765007CF599 /* Release */ = {
			isa = XCBuildConfiguration;
			buildSettings = {
				ARCHS = "$(ARCHS_STANDARD_32_BIT)";
				"CODE_SIGN_IDENTITY[sdk=iphoneos*]" = "iPhone Developer";
				GCC_C_LANGUAGE_STANDARD = gnu99;
				GCC_VERSION = com.apple.compilers.llvmgcc42;
				GCC_WARN_ABOUT_RETURN_TYPE = YES;
				GCC_WARN_UNUSED_VARIABLE = YES;
				IPHONEOS_DEPLOYMENT_TARGET = 4.3;
				OTHER_CFLAGS = "-DNS_BLOCK_ASSERTIONS=1";
				SDKROOT = iphoneos;
			};
			name = Release;
		};
		1E8A249B13BDC765007CF599 /* Debug */ = {
			isa = XCBuildConfiguration;
			buildSettings = {
				ALWAYS_SEARCH_USER_PATHS = NO;
				COPY_PHASE_STRIP = NO;
				GCC_DYNAMIC_NO_PIC = NO;
				GCC_PRECOMPILE_PREFIX_HEADER = YES;
				GCC_PREFIX_HEADER = "cTabBar/cTabBar-Prefix.pch";
				INFOPLIST_FILE = "cTabBar/cTabBar-Info.plist";
				PRODUCT_NAME = "$(TARGET_NAME)";
				WRAPPER_EXTENSION = app;
			};
			name = Debug;
		};
		1E8A249C13BDC765007CF599 /* Release */ = {
			isa = XCBuildConfiguration;
			buildSettings = {
				ALWAYS_SEARCH_USER_PATHS = NO;
				COPY_PHASE_STRIP = YES;
				GCC_PRECOMPILE_PREFIX_HEADER = YES;
				GCC_PREFIX_HEADER = "cTabBar/cTabBar-Prefix.pch";
				INFOPLIST_FILE = "cTabBar/cTabBar-Info.plist";
				PRODUCT_NAME = "$(TARGET_NAME)";
				VALIDATE_PRODUCT = YES;
				WRAPPER_EXTENSION = app;
			};
			name = Release;
		};
/* End XCBuildConfiguration section */

/* Begin XCConfigurationList section */
		1E8A246D13BDC763007CF599 /* Build configuration list for PBXProject "cTabBar" */ = {
			isa = XCConfigurationList;
			buildConfigurations = (
				1E8A249813BDC765007CF599 /* Debug */,
				1E8A249913BDC765007CF599 /* Release */,
			);
			defaultConfigurationIsVisible = 0;
			defaultConfigurationName = Release;
		};
		1E8A249A13BDC765007CF599 /* Build configuration list for PBXNativeTarget "cTabBar" */ = {
			isa = XCConfigurationList;
			buildConfigurations = (
				1E8A249B13BDC765007CF599 /* Debug */,
				1E8A249C13BDC765007CF599 /* Release */,
			);
			defaultConfigurationIsVisible = 0;
			defaultConfigurationName = Release;
		};
/* End XCConfigurationList section */
	};
	rootObject = 1E8A246A13BDC763007CF599 /* Project object */;
}
