// !$*UTF8*$!
{
	archiveVersion = 1;
	classes = {
	};
	objectVersion = 46;
	objects = {

/* Begin PBXBuildFile section */
		1BC2C94914DA946E00E37E0E /* UIKit.framework in Frameworks */ = {isa = PBXBuildFile; fileRef = 1BC2C94814DA946E00E37E0E /* UIKit.framework */; };
		1BC2C94B14DA946E00E37E0E /* Foundation.framework in Frameworks */ = {isa = PBXBuildFile; fileRef = 1BC2C94A14DA946E00E37E0E /* Foundation.framework */; };
		1BC2C94D14DA946E00E37E0E /* CoreGraphics.framework in Frameworks */ = {isa = PBXBuildFile; fileRef = 1BC2C94C14DA946E00E37E0E /* CoreGraphics.framework */; };
		1BC2C95314DA946E00E37E0E /* InfoPlist.strings in Resources */ = {isa = PBXBuildFile; fileRef = 1BC2C95114DA946E00E37E0E /* InfoPlist.strings */; };
		1BC2C95514DA946E00E37E0E /* main.m in Sources */ = {isa = PBXBuildFile; fileRef = 1BC2C95414DA946E00E37E0E /* main.m */; };
		1BC2C95914DA946E00E37E0E /* AppDelegate.m in Sources */ = {isa = PBXBuildFile; fileRef = 1BC2C95814DA946E00E37E0E /* AppDelegate.m */; };
		1BC2C95C14DA946E00E37E0E /* ViewController.m in Sources */ = {isa = PBXBuildFile; fileRef = 1BC2C95B14DA946E00E37E0E /* ViewController.m */; };
		1BC2C95F14DA946E00E37E0E /* ViewController.xib in Resources */ = {isa = PBXBuildFile; fileRef = 1BC2C95D14DA946E00E37E0E /* ViewController.xib */; };
		1BC583FA14DBC3C500465993 /* MessageUI.framework in Frameworks */ = {isa = PBXBuildFile; fileRef = 1BC583F914DBC3C500465993 /* MessageUI.framework */; };
		1BC583FD14DBC4B400465993 /* Icon.png in Resources */ = {isa = PBXBuildFile; fileRef = 1BC583FC14DBC4B400465993 /* Icon.png */; };
		1BC583FF14DBC4B700465993 /* Icon@2x.png in Resources */ = {isa = PBXBuildFile; fileRef = 1BC583FE14DBC4B700465993 /* Icon@2x.png */; };
		1BC5840914DBE84E00465993 /* QuartzCore.framework in Frameworks */ = {isa = PBXBuildFile; fileRef = 1BC5840814DBE84E00465993 /* QuartzCore.framework */; };
/* End PBXBuildFile section */

/* Begin PBXFileReference section */
		1BC2C94414DA946E00E37E0E /* ContactUs_Sample.app */ = {isa = PBXFileReference; explicitFileType = wrapper.application; includeInIndex = 0; path = ContactUs_Sample.app; sourceTree = BUILT_PRODUCTS_DIR; };
		1BC2C94814DA946E00E37E0E /* UIKit.framework */ = {isa = PBXFileReference; lastKnownFileType = wrapper.framework; name = UIKit.framework; path = System/Library/Frameworks/UIKit.framework; sourceTree = SDKROOT; };
		1BC2C94A14DA946E00E37E0E /* Foundation.framework */ = {isa = PBXFileReference; lastKnownFileType = wrapper.framework; name = Foundation.framework; path = System/Library/Frameworks/Foundation.framework; sourceTree = SDKROOT; };
		1BC2C94C14DA946E00E37E0E /* CoreGraphics.framework */ = {isa = PBXFileReference; lastKnownFileType = wrapper.framework; name = CoreGraphics.framework; path = System/Library/Frameworks/CoreGraphics.framework; sourceTree = SDKROOT; };
		1BC2C95014DA946E00E37E0E /* ContactUs_Sample-Info.plist */ = {isa = PBXFileReference; lastKnownFileType = text.plist.xml; path = "ContactUs_Sample-Info.plist"; sourceTree = "<group>"; };
		1BC2C95214DA946E00E37E0E /* en */ = {isa = PBXFileReference; lastKnownFileType = text.plist.strings; name = en; path = en.lproj/InfoPlist.strings; sourceTree = "<group>"; };
		1BC2C95414DA946E00E37E0E /* main.m */ = {isa = PBXFileReference; lastKnownFileType = sourcecode.c.objc; path = main.m; sourceTree = "<group>"; };
		1BC2C95614DA946E00E37E0E /* ContactUs_Sample-Prefix.pch */ = {isa = PBXFileReference; lastKnownFileType = sourcecode.c.h; path = "ContactUs_Sample-Prefix.pch"; sourceTree = "<group>"; };
		1BC2C95714DA946E00E37E0E /* AppDelegate.h */ = {isa = PBXFileReference; lastKnownFileType = sourcecode.c.h; path = AppDelegate.h; sourceTree = "<group>"; };
		1BC2C95814DA946E00E37E0E /* AppDelegate.m */ = {isa = PBXFileReference; lastKnownFileType = sourcecode.c.objc; path = AppDelegate.m; sourceTree = "<group>"; };
		1BC2C95A14DA946E00E37E0E /* ViewController.h */ = {isa = PBXFileReference; lastKnownFileType = sourcecode.c.h; path = ViewController.h; sourceTree = "<group>"; };
		1BC2C95B14DA946E00E37E0E /* ViewController.m */ = {isa = PBXFileReference; lastKnownFileType = sourcecode.c.objc; path = ViewController.m; sourceTree = "<group>"; };
		1BC2C95E14DA946E00E37E0E /* en */ = {isa = PBXFileReference; lastKnownFileType = file.xib; name = en; path = en.lproj/ViewController.xib; sourceTree = "<group>"; };
		1BC583F914DBC3C500465993 /* MessageUI.framework */ = {isa = PBXFileReference; lastKnownFileType = wrapper.framework; name = MessageUI.framework; path = System/Library/Frameworks/MessageUI.framework; sourceTree = SDKROOT; };
		1BC583FC14DBC4B400465993 /* Icon.png */ = {isa = PBXFileReference; lastKnownFileType = image.png; path = Icon.png; sourceTree = "<group>"; };
		1BC583FE14DBC4B700465993 /* Icon@2x.png */ = {isa = PBXFileReference; lastKnownFileType = image.png; path = "Icon@2x.png"; sourceTree = "<group>"; };
		1BC5840814DBE84E00465993 /* QuartzCore.framework */ = {isa = PBXFileReference; lastKnownFileType = wrapper.framework; name = QuartzCore.framework; path = System/Library/Frameworks/QuartzCore.framework; sourceTree = SDKROOT; };
/* End PBXFileReference section */

/* Begin PBXFrameworksBuildPhase section */
		1BC2C94114DA946E00E37E0E /* Frameworks */ = {
			isa = PBXFrameworksBuildPhase;
			buildActionMask = 2147483647;
			files = (
				1BC5840914DBE84E00465993 /* QuartzCore.framework in Frameworks */,
				1BC583FA14DBC3C500465993 /* MessageUI.framework in Frameworks */,
				1BC2C94914DA946E00E37E0E /* UIKit.framework in Frameworks */,
				1BC2C94B14DA946E00E37E0E /* Foundation.framework in Frameworks */,
				1BC2C94D14DA946E00E37E0E /* CoreGraphics.framework in Frameworks */,
			);
			runOnlyForDeploymentPostprocessing = 0;
		};
/* End PBXFrameworksBuildPhase section */

/* Begin PBXGroup section */
		1BC2C93914DA946D00E37E0E = {
			isa = PBXGroup;
			children = (
				1BC583FE14DBC4B700465993 /* Icon@2x.png */,
				1BC583FC14DBC4B400465993 /* Icon.png */,
				1BC2C94E14DA946E00E37E0E /* ContactUs_Sample */,
				1BC2C94714DA946E00E37E0E /* Frameworks */,
				1BC2C94514DA946E00E37E0E /* Products */,
			);
			sourceTree = "<group>";
		};
		1BC2C94514DA946E00E37E0E /* Products */ = {
			isa = PBXGroup;
			children = (
				1BC2C94414DA946E00E37E0E /* ContactUs_Sample.app */,
			);
			name = Products;
			sourceTree = "<group>";
		};
		1BC2C94714DA946E00E37E0E /* Frameworks */ = {
			isa = PBXGroup;
			children = (
				1BC5840814DBE84E00465993 /* QuartzCore.framework */,
				1BC583F914DBC3C500465993 /* MessageUI.framework */,
				1BC2C94814DA946E00E37E0E /* UIKit.framework */,
				1BC2C94A14DA946E00E37E0E /* Foundation.framework */,
				1BC2C94C14DA946E00E37E0E /* CoreGraphics.framework */,
			);
			name = Frameworks;
			sourceTree = "<group>";
		};
		1BC2C94E14DA946E00E37E0E /* ContactUs_Sample */ = {
			isa = PBXGroup;
			children = (
				1BC2C95714DA946E00E37E0E /* AppDelegate.h */,
				1BC2C95814DA946E00E37E0E /* AppDelegate.m */,
				1BC2C95A14DA946E00E37E0E /* ViewController.h */,
				1BC2C95B14DA946E00E37E0E /* ViewController.m */,
				1BC2C95D14DA946E00E37E0E /* ViewController.xib */,
				1BC2C94F14DA946E00E37E0E /* Supporting Files */,
			);
			path = ContactUs_Sample;
			sourceTree = "<group>";
		};
		1BC2C94F14DA946E00E37E0E /* Supporting Files */ = {
			isa = PBXGroup;
			children = (
				1BC2C95014DA946E00E37E0E /* ContactUs_Sample-Info.plist */,
				1BC2C95114DA946E00E37E0E /* InfoPlist.strings */,
				1BC2C95414DA946E00E37E0E /* main.m */,
				1BC2C95614DA946E00E37E0E /* ContactUs_Sample-Prefix.pch */,
			);
			name = "Supporting Files";
			sourceTree = "<group>";
		};
/* End PBXGroup section */

/* Begin PBXNativeTarget section */
		1BC2C94314DA946E00E37E0E /* ContactUs_Sample */ = {
			isa = PBXNativeTarget;
			buildConfigurationList = 1BC2C96214DA946E00E37E0E /* Build configuration list for PBXNativeTarget "ContactUs_Sample" */;
			buildPhases = (
				1BC2C94014DA946E00E37E0E /* Sources */,
				1BC2C94114DA946E00E37E0E /* Frameworks */,
				1BC2C94214DA946E00E37E0E /* Resources */,
			);
			buildRules = (
			);
			dependencies = (
			);
			name = ContactUs_Sample;
			productName = ContactUs_Sample;
			productReference = 1BC2C94414DA946E00E37E0E /* ContactUs_Sample.app */;
			productType = "com.apple.product-type.application";
		};
/* End PBXNativeTarget section */

/* Begin PBXProject section */
		1BC2C93B14DA946D00E37E0E /* Project object */ = {
			isa = PBXProject;
			attributes = {
				LastUpgradeCheck = 0420;
			};
			buildConfigurationList = 1BC2C93E14DA946D00E37E0E /* Build configuration list for PBXProject "ContactUs_Sample" */;
			compatibilityVersion = "Xcode 3.2";
			developmentRegion = English;
			hasScannedForEncodings = 0;
			knownRegions = (
				en,
			);
			mainGroup = 1BC2C93914DA946D00E37E0E;
			productRefGroup = 1BC2C94514DA946E00E37E0E /* Products */;
			projectDirPath = "";
			projectRoot = "";
			targets = (
				1BC2C94314DA946E00E37E0E /* ContactUs_Sample */,
			);
		};
/* End PBXProject section */

/* Begin PBXResourcesBuildPhase section */
		1BC2C94214DA946E00E37E0E /* Resources */ = {
			isa = PBXResourcesBuildPhase;
			buildActionMask = 2147483647;
			files = (
				1BC2C95314DA946E00E37E0E /* InfoPlist.strings in Resources */,
				1BC2C95F14DA946E00E37E0E /* ViewController.xib in Resources */,
				1BC583FD14DBC4B400465993 /* Icon.png in Resources */,
				1BC583FF14DBC4B700465993 /* Icon@2x.png in Resources */,
			);
			runOnlyForDeploymentPostprocessing = 0;
		};
/* End PBXResourcesBuildPhase section */

/* Begin PBXSourcesBuildPhase section */
		1BC2C94014DA946E00E37E0E /* Sources */ = {
			isa = PBXSourcesBuildPhase;
			buildActionMask = 2147483647;
			files = (
				1BC2C95514DA946E00E37E0E /* main.m in Sources */,
				1BC2C95914DA946E00E37E0E /* AppDelegate.m in Sources */,
				1BC2C95C14DA946E00E37E0E /* ViewController.m in Sources */,
			);
			runOnlyForDeploymentPostprocessing = 0;
		};
/* End PBXSourcesBuildPhase section */

/* Begin PBXVariantGroup section */
		1BC2C95114DA946E00E37E0E /* InfoPlist.strings */ = {
			isa = PBXVariantGroup;
			children = (
				1BC2C95214DA946E00E37E0E /* en */,
			);
			name = InfoPlist.strings;
			sourceTree = "<group>";
		};
		1BC2C95D14DA946E00E37E0E /* ViewController.xib */ = {
			isa = PBXVariantGroup;
			children = (
				1BC2C95E14DA946E00E37E0E /* en */,
			);
			name = ViewController.xib;
			sourceTree = "<group>";
		};
/* End PBXVariantGroup section */

/* Begin XCBuildConfiguration section */
		1BC2C96014DA946E00E37E0E /* Debug */ = {
			isa = XCBuildConfiguration;
			buildSettings = {
				ALWAYS_SEARCH_USER_PATHS = NO;
				ARCHS = "$(ARCHS_STANDARD_32_BIT)";
				CLANG_ENABLE_OBJC_ARC = YES;
				"CODE_SIGN_IDENTITY[sdk=iphoneos*]" = "iPhone Developer";
				COPY_PHASE_STRIP = NO;
				GCC_C_LANGUAGE_STANDARD = gnu99;
				GCC_DYNAMIC_NO_PIC = NO;
				GCC_OPTIMIZATION_LEVEL = 0;
				GCC_PREPROCESSOR_DEFINITIONS = (
					"DEBUG=1",
					"$(inherited)",
				);
				GCC_SYMBOLS_PRIVATE_EXTERN = NO;
				GCC_VERSION = com.apple.compilers.llvm.clang.1_0;
				GCC_WARN_ABOUT_MISSING_PROTOTYPES = YES;
				GCC_WARN_ABOUT_RETURN_TYPE = YES;
				GCC_WARN_UNUSED_VARIABLE = YES;
				IPHONEOS_DEPLOYMENT_TARGET = 5.0;
				SDKROOT = iphoneos;
			};
			name = Debug;
		};
		1BC2C96114DA946E00E37E0E /* Release */ = {
			isa = XCBuildConfiguration;
			buildSettings = {
				ALWAYS_SEARCH_USER_PATHS = NO;
				ARCHS = "$(ARCHS_STANDARD_32_BIT)";
				CLANG_ENABLE_OBJC_ARC = YES;
				"CODE_SIGN_IDENTITY[sdk=iphoneos*]" = "iPhone Developer";
				COPY_PHASE_STRIP = YES;
				GCC_C_LANGUAGE_STANDARD = gnu99;
				GCC_VERSION = com.apple.compilers.llvm.clang.1_0;
				GCC_WARN_ABOUT_MISSING_PROTOTYPES = YES;
				GCC_WARN_ABOUT_RETURN_TYPE = YES;
				GCC_WARN_UNUSED_VARIABLE = YES;
				IPHONEOS_DEPLOYMENT_TARGET = 5.0;
				OTHER_CFLAGS = "-DNS_BLOCK_ASSERTIONS=1";
				SDKROOT = iphoneos;
				VALIDATE_PRODUCT = YES;
			};
			name = Release;
		};
		1BC2C96314DA946E00E37E0E /* Debug */ = {
			isa = XCBuildConfiguration;
			buildSettings = {
				GCC_PRECOMPILE_PREFIX_HEADER = YES;
				GCC_PREFIX_HEADER = "ContactUs_Sample/ContactUs_Sample-Prefix.pch";
				INFOPLIST_FILE = "ContactUs_Sample/ContactUs_Sample-Info.plist";
				PRODUCT_NAME = "$(TARGET_NAME)";
				WRAPPER_EXTENSION = app;
			};
			name = Debug;
		};
		1BC2C96414DA946E00E37E0E /* Release */ = {
			isa = XCBuildConfiguration;
			buildSettings = {
				GCC_PRECOMPILE_PREFIX_HEADER = YES;
				GCC_PREFIX_HEADER = "ContactUs_Sample/ContactUs_Sample-Prefix.pch";
				INFOPLIST_FILE = "ContactUs_Sample/ContactUs_Sample-Info.plist";
				PRODUCT_NAME = "$(TARGET_NAME)";
				WRAPPER_EXTENSION = app;
			};
			name = Release;
		};
/* End XCBuildConfiguration section */

/* Begin XCConfigurationList section */
		1BC2C93E14DA946D00E37E0E /* Build configuration list for PBXProject "ContactUs_Sample" */ = {
			isa = XCConfigurationList;
			buildConfigurations = (
				1BC2C96014DA946E00E37E0E /* Debug */,
				1BC2C96114DA946E00E37E0E /* Release */,
			);
			defaultConfigurationIsVisible = 0;
			defaultConfigurationName = Release;
		};
		1BC2C96214DA946E00E37E0E /* Build configuration list for PBXNativeTarget "ContactUs_Sample" */ = {
			isa = XCConfigurationList;
			buildConfigurations = (
				1BC2C96314DA946E00E37E0E /* Debug */,
				1BC2C96414DA946E00E37E0E /* Release */,
			);
			defaultConfigurationIsVisible = 0;
			defaultConfigurationName = Release;
		};
/* End XCConfigurationList section */
	};
	rootObject = 1BC2C93B14DA946D00E37E0E /* Project object */;
}
