// !$*UTF8*$!
{
	archiveVersion = 1;
	classes = {
	};
	objectVersion = 46;
	objects = {

/* Begin PBXBuildFile section */
		1B846AF815206B4B00387826 /* UIKit.framework in Frameworks */ = {isa = PBXBuildFile; fileRef = 1B846AF715206B4B00387826 /* UIKit.framework */; };
		1B846AFA15206B4B00387826 /* Foundation.framework in Frameworks */ = {isa = PBXBuildFile; fileRef = 1B846AF915206B4B00387826 /* Foundation.framework */; };
		1B846AFC15206B4B00387826 /* CoreGraphics.framework in Frameworks */ = {isa = PBXBuildFile; fileRef = 1B846AFB15206B4B00387826 /* CoreGraphics.framework */; };
		1B846B0215206B4B00387826 /* InfoPlist.strings in Resources */ = {isa = PBXBuildFile; fileRef = 1B846B0015206B4B00387826 /* InfoPlist.strings */; };
		1B846B0415206B4B00387826 /* main.m in Sources */ = {isa = PBXBuildFile; fileRef = 1B846B0315206B4B00387826 /* main.m */; };
		1B846B0815206B4B00387826 /* AppDelegate.m in Sources */ = {isa = PBXBuildFile; fileRef = 1B846B0715206B4B00387826 /* AppDelegate.m */; };
		1B846B0E15206B4B00387826 /* ViewController.xib in Resources */ = {isa = PBXBuildFile; fileRef = 1B846B0C15206B4B00387826 /* ViewController.xib */; };
		1B846B19152072A400387826 /* AddressBook.framework in Frameworks */ = {isa = PBXBuildFile; fileRef = 1B846B18152072A400387826 /* AddressBook.framework */; };
		1B846B1A1520796D00387826 /* ViewController.m in Sources */ = {isa = PBXBuildFile; fileRef = 1B846B0A15206B4B00387826 /* ViewController.m */; settings = {COMPILER_FLAGS = "-fno-objc-arc"; }; };
/* End PBXBuildFile section */

/* Begin PBXFileReference section */
		1B846AF315206B4B00387826 /* AddToContacts.app */ = {isa = PBXFileReference; explicitFileType = wrapper.application; includeInIndex = 0; path = AddToContacts.app; sourceTree = BUILT_PRODUCTS_DIR; };
		1B846AF715206B4B00387826 /* UIKit.framework */ = {isa = PBXFileReference; lastKnownFileType = wrapper.framework; name = UIKit.framework; path = System/Library/Frameworks/UIKit.framework; sourceTree = SDKROOT; };
		1B846AF915206B4B00387826 /* Foundation.framework */ = {isa = PBXFileReference; lastKnownFileType = wrapper.framework; name = Foundation.framework; path = System/Library/Frameworks/Foundation.framework; sourceTree = SDKROOT; };
		1B846AFB15206B4B00387826 /* CoreGraphics.framework */ = {isa = PBXFileReference; lastKnownFileType = wrapper.framework; name = CoreGraphics.framework; path = System/Library/Frameworks/CoreGraphics.framework; sourceTree = SDKROOT; };
		1B846AFF15206B4B00387826 /* AddToContacts-Info.plist */ = {isa = PBXFileReference; lastKnownFileType = text.plist.xml; path = "AddToContacts-Info.plist"; sourceTree = "<group>"; };
		1B846B0115206B4B00387826 /* en */ = {isa = PBXFileReference; lastKnownFileType = text.plist.strings; name = en; path = en.lproj/InfoPlist.strings; sourceTree = "<group>"; };
		1B846B0315206B4B00387826 /* main.m */ = {isa = PBXFileReference; lastKnownFileType = sourcecode.c.objc; path = main.m; sourceTree = "<group>"; };
		1B846B0515206B4B00387826 /* AddToContacts-Prefix.pch */ = {isa = PBXFileReference; lastKnownFileType = sourcecode.c.h; path = "AddToContacts-Prefix.pch"; sourceTree = "<group>"; };
		1B846B0615206B4B00387826 /* AppDelegate.h */ = {isa = PBXFileReference; lastKnownFileType = sourcecode.c.h; path = AppDelegate.h; sourceTree = "<group>"; };
		1B846B0715206B4B00387826 /* AppDelegate.m */ = {isa = PBXFileReference; lastKnownFileType = sourcecode.c.objc; path = AppDelegate.m; sourceTree = "<group>"; };
		1B846B0915206B4B00387826 /* ViewController.h */ = {isa = PBXFileReference; lastKnownFileType = sourcecode.c.h; path = ViewController.h; sourceTree = "<group>"; };
		1B846B0A15206B4B00387826 /* ViewController.m */ = {isa = PBXFileReference; lastKnownFileType = sourcecode.c.objc; path = ViewController.m; sourceTree = "<group>"; };
		1B846B0D15206B4B00387826 /* en */ = {isa = PBXFileReference; lastKnownFileType = file.xib; name = en; path = en.lproj/ViewController.xib; sourceTree = "<group>"; };
		1B846B18152072A400387826 /* AddressBook.framework */ = {isa = PBXFileReference; lastKnownFileType = wrapper.framework; name = AddressBook.framework; path = System/Library/Frameworks/AddressBook.framework; sourceTree = SDKROOT; };
/* End PBXFileReference section */

/* Begin PBXFrameworksBuildPhase section */
		1B846AF015206B4B00387826 /* Frameworks */ = {
			isa = PBXFrameworksBuildPhase;
			buildActionMask = 2147483647;
			files = (
				1B846B19152072A400387826 /* AddressBook.framework in Frameworks */,
				1B846AF815206B4B00387826 /* UIKit.framework in Frameworks */,
				1B846AFA15206B4B00387826 /* Foundation.framework in Frameworks */,
				1B846AFC15206B4B00387826 /* CoreGraphics.framework in Frameworks */,
			);
			runOnlyForDeploymentPostprocessing = 0;
		};
/* End PBXFrameworksBuildPhase section */

/* Begin PBXGroup section */
		1B846AE815206B4A00387826 = {
			isa = PBXGroup;
			children = (
				1B846AFD15206B4B00387826 /* AddToContacts */,
				1B846AF615206B4B00387826 /* Frameworks */,
				1B846AF415206B4B00387826 /* Products */,
			);
			sourceTree = "<group>";
		};
		1B846AF415206B4B00387826 /* Products */ = {
			isa = PBXGroup;
			children = (
				1B846AF315206B4B00387826 /* AddToContacts.app */,
			);
			name = Products;
			sourceTree = "<group>";
		};
		1B846AF615206B4B00387826 /* Frameworks */ = {
			isa = PBXGroup;
			children = (
				1B846B18152072A400387826 /* AddressBook.framework */,
				1B846AF715206B4B00387826 /* UIKit.framework */,
				1B846AF915206B4B00387826 /* Foundation.framework */,
				1B846AFB15206B4B00387826 /* CoreGraphics.framework */,
			);
			name = Frameworks;
			sourceTree = "<group>";
		};
		1B846AFD15206B4B00387826 /* AddToContacts */ = {
			isa = PBXGroup;
			children = (
				1B846B0615206B4B00387826 /* AppDelegate.h */,
				1B846B0715206B4B00387826 /* AppDelegate.m */,
				1B846B0915206B4B00387826 /* ViewController.h */,
				1B846B0A15206B4B00387826 /* ViewController.m */,
				1B846B0C15206B4B00387826 /* ViewController.xib */,
				1B846AFE15206B4B00387826 /* Supporting Files */,
			);
			path = AddToContacts;
			sourceTree = "<group>";
		};
		1B846AFE15206B4B00387826 /* Supporting Files */ = {
			isa = PBXGroup;
			children = (
				1B846AFF15206B4B00387826 /* AddToContacts-Info.plist */,
				1B846B0015206B4B00387826 /* InfoPlist.strings */,
				1B846B0315206B4B00387826 /* main.m */,
				1B846B0515206B4B00387826 /* AddToContacts-Prefix.pch */,
			);
			name = "Supporting Files";
			sourceTree = "<group>";
		};
/* End PBXGroup section */

/* Begin PBXNativeTarget section */
		1B846AF215206B4B00387826 /* AddToContacts */ = {
			isa = PBXNativeTarget;
			buildConfigurationList = 1B846B1115206B4B00387826 /* Build configuration list for PBXNativeTarget "AddToContacts" */;
			buildPhases = (
				1B846AEF15206B4B00387826 /* Sources */,
				1B846AF015206B4B00387826 /* Frameworks */,
				1B846AF115206B4B00387826 /* Resources */,
			);
			buildRules = (
			);
			dependencies = (
			);
			name = AddToContacts;
			productName = AddToContacts;
			productReference = 1B846AF315206B4B00387826 /* AddToContacts.app */;
			productType = "com.apple.product-type.application";
		};
/* End PBXNativeTarget section */

/* Begin PBXProject section */
		1B846AEA15206B4B00387826 /* Project object */ = {
			isa = PBXProject;
			attributes = {
				LastUpgradeCheck = 0420;
			};
			buildConfigurationList = 1B846AED15206B4B00387826 /* Build configuration list for PBXProject "AddToContacts" */;
			compatibilityVersion = "Xcode 3.2";
			developmentRegion = English;
			hasScannedForEncodings = 0;
			knownRegions = (
				en,
			);
			mainGroup = 1B846AE815206B4A00387826;
			productRefGroup = 1B846AF415206B4B00387826 /* Products */;
			projectDirPath = "";
			projectRoot = "";
			targets = (
				1B846AF215206B4B00387826 /* AddToContacts */,
			);
		};
/* End PBXProject section */

/* Begin PBXResourcesBuildPhase section */
		1B846AF115206B4B00387826 /* Resources */ = {
			isa = PBXResourcesBuildPhase;
			buildActionMask = 2147483647;
			files = (
				1B846B0215206B4B00387826 /* InfoPlist.strings in Resources */,
				1B846B0E15206B4B00387826 /* ViewController.xib in Resources */,
			);
			runOnlyForDeploymentPostprocessing = 0;
		};
/* End PBXResourcesBuildPhase section */

/* Begin PBXSourcesBuildPhase section */
		1B846AEF15206B4B00387826 /* Sources */ = {
			isa = PBXSourcesBuildPhase;
			buildActionMask = 2147483647;
			files = (
				1B846B1A1520796D00387826 /* ViewController.m in Sources */,
				1B846B0415206B4B00387826 /* main.m in Sources */,
				1B846B0815206B4B00387826 /* AppDelegate.m in Sources */,
			);
			runOnlyForDeploymentPostprocessing = 0;
		};
/* End PBXSourcesBuildPhase section */

/* Begin PBXVariantGroup section */
		1B846B0015206B4B00387826 /* InfoPlist.strings */ = {
			isa = PBXVariantGroup;
			children = (
				1B846B0115206B4B00387826 /* en */,
			);
			name = InfoPlist.strings;
			sourceTree = "<group>";
		};
		1B846B0C15206B4B00387826 /* ViewController.xib */ = {
			isa = PBXVariantGroup;
			children = (
				1B846B0D15206B4B00387826 /* en */,
			);
			name = ViewController.xib;
			sourceTree = "<group>";
		};
/* End PBXVariantGroup section */

/* Begin XCBuildConfiguration section */
		1B846B0F15206B4B00387826 /* Debug */ = {
			isa = XCBuildConfiguration;
			buildSettings = {
				ALWAYS_SEARCH_USER_PATHS = NO;
				ARCHS = "$(ARCHS_STANDARD_32_BIT)";
				CLANG_ENABLE_OBJC_ARC = YES;
				"CODE_SIGN_IDENTITY[sdk=iphoneos*]" = "iPhone Developer";
				COPY_PHASE_STRIP = NO;
				GCC_C_LANGUAGE_STANDARD = gnu99;
				GCC_DYNAMIC_NO_PIC = NO;
				GCC_OPTIMIZATION_LEVEL = 0;
				GCC_PREPROCESSOR_DEFINITIONS = (
					"DEBUG=1",
					"$(inherited)",
				);
				GCC_SYMBOLS_PRIVATE_EXTERN = NO;
				GCC_VERSION = com.apple.compilers.llvm.clang.1_0;
				GCC_WARN_ABOUT_MISSING_PROTOTYPES = YES;
				GCC_WARN_ABOUT_RETURN_TYPE = YES;
				GCC_WARN_UNUSED_VARIABLE = YES;
				IPHONEOS_DEPLOYMENT_TARGET = 5.0;
				SDKROOT = iphoneos;
			};
			name = Debug;
		};
		1B846B1015206B4B00387826 /* Release */ = {
			isa = XCBuildConfiguration;
			buildSettings = {
				ALWAYS_SEARCH_USER_PATHS = NO;
				ARCHS = "$(ARCHS_STANDARD_32_BIT)";
				CLANG_ENABLE_OBJC_ARC = YES;
				"CODE_SIGN_IDENTITY[sdk=iphoneos*]" = "iPhone Developer";
				COPY_PHASE_STRIP = YES;
				GCC_C_LANGUAGE_STANDARD = gnu99;
				GCC_VERSION = com.apple.compilers.llvm.clang.1_0;
				GCC_WARN_ABOUT_MISSING_PROTOTYPES = YES;
				GCC_WARN_ABOUT_RETURN_TYPE = YES;
				GCC_WARN_UNUSED_VARIABLE = YES;
				IPHONEOS_DEPLOYMENT_TARGET = 5.0;
				OTHER_CFLAGS = "-DNS_BLOCK_ASSERTIONS=1";
				SDKROOT = iphoneos;
				VALIDATE_PRODUCT = YES;
			};
			name = Release;
		};
		1B846B1215206B4B00387826 /* Debug */ = {
			isa = XCBuildConfiguration;
			buildSettings = {
				GCC_PRECOMPILE_PREFIX_HEADER = YES;
				GCC_PREFIX_HEADER = "AddToContacts/AddToContacts-Prefix.pch";
				INFOPLIST_FILE = "AddToContacts/AddToContacts-Info.plist";
				PRODUCT_NAME = "$(TARGET_NAME)";
				WRAPPER_EXTENSION = app;
			};
			name = Debug;
		};
		1B846B1315206B4B00387826 /* Release */ = {
			isa = XCBuildConfiguration;
			buildSettings = {
				GCC_PRECOMPILE_PREFIX_HEADER = YES;
				GCC_PREFIX_HEADER = "AddToContacts/AddToContacts-Prefix.pch";
				INFOPLIST_FILE = "AddToContacts/AddToContacts-Info.plist";
				PRODUCT_NAME = "$(TARGET_NAME)";
				WRAPPER_EXTENSION = app;
			};
			name = Release;
		};
/* End XCBuildConfiguration section */

/* Begin XCConfigurationList section */
		1B846AED15206B4B00387826 /* Build configuration list for PBXProject "AddToContacts" */ = {
			isa = XCConfigurationList;
			buildConfigurations = (
				1B846B0F15206B4B00387826 /* Debug */,
				1B846B1015206B4B00387826 /* Release */,
			);
			defaultConfigurationIsVisible = 0;
			defaultConfigurationName = Release;
		};
		1B846B1115206B4B00387826 /* Build configuration list for PBXNativeTarget "AddToContacts" */ = {
			isa = XCConfigurationList;
			buildConfigurations = (
				1B846B1215206B4B00387826 /* Debug */,
				1B846B1315206B4B00387826 /* Release */,
			);
			defaultConfigurationIsVisible = 0;
		};
/* End XCConfigurationList section */
	};
	rootObject = 1B846AEA15206B4B00387826 /* Project object */;
}
