// !$*UTF8*$!
{
	archiveVersion = 1;
	classes = {
	};
	objectVersion = 46;
	objects = {

/* Begin PBXBuildFile section */
		1B509967160DC08600DBCADB /* ApproxPath.png in Resources */ = {isa = PBXBuildFile; fileRef = 1B509966160DC08600DBCADB /* ApproxPath.png */; };
		1BEF44D8160DBD4000375296 /* UIKit.framework in Frameworks */ = {isa = PBXBuildFile; fileRef = 1BEF44D7160DBD4000375296 /* UIKit.framework */; };
		1BEF44DA160DBD4000375296 /* Foundation.framework in Frameworks */ = {isa = PBXBuildFile; fileRef = 1BEF44D9160DBD4000375296 /* Foundation.framework */; };
		1BEF44DC160DBD4000375296 /* CoreGraphics.framework in Frameworks */ = {isa = PBXBuildFile; fileRef = 1BEF44DB160DBD4000375296 /* CoreGraphics.framework */; };
		1BEF44E2160DBD4000375296 /* InfoPlist.strings in Resources */ = {isa = PBXBuildFile; fileRef = 1BEF44E0160DBD4000375296 /* InfoPlist.strings */; };
		1BEF44E4160DBD4000375296 /* main.m in Sources */ = {isa = PBXBuildFile; fileRef = 1BEF44E3160DBD4000375296 /* main.m */; };
		1BEF44E8160DBD4000375296 /* STAppDelegate.m in Sources */ = {isa = PBXBuildFile; fileRef = 1BEF44E7160DBD4000375296 /* STAppDelegate.m */; };
		1BEF44EB160DBD4000375296 /* STViewController.m in Sources */ = {isa = PBXBuildFile; fileRef = 1BEF44EA160DBD4000375296 /* STViewController.m */; };
		1BEF44EE160DBD4000375296 /* STViewController.xib in Resources */ = {isa = PBXBuildFile; fileRef = 1BEF44EC160DBD4000375296 /* STViewController.xib */; };
		1BEF4501160DBD6000375296 /* p1.png in Resources */ = {isa = PBXBuildFile; fileRef = 1BEF44F5160DBD6000375296 /* p1.png */; };
		1BEF450E160DBDE800375296 /* QuartzCore.framework in Frameworks */ = {isa = PBXBuildFile; fileRef = 1BEF450D160DBDE800375296 /* QuartzCore.framework */; };
/* End PBXBuildFile section */

/* Begin PBXFileReference section */
		1B509966160DC08600DBCADB /* ApproxPath.png */ = {isa = PBXFileReference; lastKnownFileType = image.png; path = ApproxPath.png; sourceTree = "<group>"; };
		1BEF44D3160DBD4000375296 /* MoveAcrossPath.app */ = {isa = PBXFileReference; explicitFileType = wrapper.application; includeInIndex = 0; path = MoveAcrossPath.app; sourceTree = BUILT_PRODUCTS_DIR; };
		1BEF44D7160DBD4000375296 /* UIKit.framework */ = {isa = PBXFileReference; lastKnownFileType = wrapper.framework; name = UIKit.framework; path = System/Library/Frameworks/UIKit.framework; sourceTree = SDKROOT; };
		1BEF44D9160DBD4000375296 /* Foundation.framework */ = {isa = PBXFileReference; lastKnownFileType = wrapper.framework; name = Foundation.framework; path = System/Library/Frameworks/Foundation.framework; sourceTree = SDKROOT; };
		1BEF44DB160DBD4000375296 /* CoreGraphics.framework */ = {isa = PBXFileReference; lastKnownFileType = wrapper.framework; name = CoreGraphics.framework; path = System/Library/Frameworks/CoreGraphics.framework; sourceTree = SDKROOT; };
		1BEF44DF160DBD4000375296 /* MoveAcrossPath-Info.plist */ = {isa = PBXFileReference; lastKnownFileType = text.plist.xml; path = "MoveAcrossPath-Info.plist"; sourceTree = "<group>"; };
		1BEF44E1160DBD4000375296 /* en */ = {isa = PBXFileReference; lastKnownFileType = text.plist.strings; name = en; path = en.lproj/InfoPlist.strings; sourceTree = "<group>"; };
		1BEF44E3160DBD4000375296 /* main.m */ = {isa = PBXFileReference; lastKnownFileType = sourcecode.c.objc; path = main.m; sourceTree = "<group>"; };
		1BEF44E5160DBD4000375296 /* MoveAcrossPath-Prefix.pch */ = {isa = PBXFileReference; lastKnownFileType = sourcecode.c.h; path = "MoveAcrossPath-Prefix.pch"; sourceTree = "<group>"; };
		1BEF44E6160DBD4000375296 /* STAppDelegate.h */ = {isa = PBXFileReference; lastKnownFileType = sourcecode.c.h; path = STAppDelegate.h; sourceTree = "<group>"; };
		1BEF44E7160DBD4000375296 /* STAppDelegate.m */ = {isa = PBXFileReference; lastKnownFileType = sourcecode.c.objc; path = STAppDelegate.m; sourceTree = "<group>"; };
		1BEF44E9160DBD4000375296 /* STViewController.h */ = {isa = PBXFileReference; lastKnownFileType = sourcecode.c.h; path = STViewController.h; sourceTree = "<group>"; };
		1BEF44EA160DBD4000375296 /* STViewController.m */ = {isa = PBXFileReference; lastKnownFileType = sourcecode.c.objc; path = STViewController.m; sourceTree = "<group>"; };
		1BEF44ED160DBD4000375296 /* en */ = {isa = PBXFileReference; lastKnownFileType = file.xib; name = en; path = en.lproj/STViewController.xib; sourceTree = "<group>"; };
		1BEF44F5160DBD6000375296 /* p1.png */ = {isa = PBXFileReference; lastKnownFileType = image.png; path = p1.png; sourceTree = "<group>"; };
		1BEF450D160DBDE800375296 /* QuartzCore.framework */ = {isa = PBXFileReference; lastKnownFileType = wrapper.framework; name = QuartzCore.framework; path = System/Library/Frameworks/QuartzCore.framework; sourceTree = SDKROOT; };
/* End PBXFileReference section */

/* Begin PBXFrameworksBuildPhase section */
		1BEF44D0160DBD4000375296 /* Frameworks */ = {
			isa = PBXFrameworksBuildPhase;
			buildActionMask = 2147483647;
			files = (
				1BEF450E160DBDE800375296 /* QuartzCore.framework in Frameworks */,
				1BEF44D8160DBD4000375296 /* UIKit.framework in Frameworks */,
				1BEF44DA160DBD4000375296 /* Foundation.framework in Frameworks */,
				1BEF44DC160DBD4000375296 /* CoreGraphics.framework in Frameworks */,
			);
			runOnlyForDeploymentPostprocessing = 0;
		};
/* End PBXFrameworksBuildPhase section */

/* Begin PBXGroup section */
		1BEF44C8160DBD4000375296 = {
			isa = PBXGroup;
			children = (
				1BEF44DD160DBD4000375296 /* MoveAcrossPath */,
				1BEF44D6160DBD4000375296 /* Frameworks */,
				1BEF44D4160DBD4000375296 /* Products */,
			);
			sourceTree = "<group>";
		};
		1BEF44D4160DBD4000375296 /* Products */ = {
			isa = PBXGroup;
			children = (
				1BEF44D3160DBD4000375296 /* MoveAcrossPath.app */,
			);
			name = Products;
			sourceTree = "<group>";
		};
		1BEF44D6160DBD4000375296 /* Frameworks */ = {
			isa = PBXGroup;
			children = (
				1BEF450D160DBDE800375296 /* QuartzCore.framework */,
				1BEF44D7160DBD4000375296 /* UIKit.framework */,
				1BEF44D9160DBD4000375296 /* Foundation.framework */,
				1BEF44DB160DBD4000375296 /* CoreGraphics.framework */,
			);
			name = Frameworks;
			sourceTree = "<group>";
		};
		1BEF44DD160DBD4000375296 /* MoveAcrossPath */ = {
			isa = PBXGroup;
			children = (
				1BEF44E6160DBD4000375296 /* STAppDelegate.h */,
				1BEF44E7160DBD4000375296 /* STAppDelegate.m */,
				1BEF44E9160DBD4000375296 /* STViewController.h */,
				1BEF44EA160DBD4000375296 /* STViewController.m */,
				1BEF44EC160DBD4000375296 /* STViewController.xib */,
				1BEF44DE160DBD4000375296 /* Supporting Files */,
			);
			path = MoveAcrossPath;
			sourceTree = "<group>";
		};
		1BEF44DE160DBD4000375296 /* Supporting Files */ = {
			isa = PBXGroup;
			children = (
				1BEF44F4160DBD6000375296 /* MovePath */,
				1BEF44DF160DBD4000375296 /* MoveAcrossPath-Info.plist */,
				1BEF44E0160DBD4000375296 /* InfoPlist.strings */,
				1BEF44E3160DBD4000375296 /* main.m */,
				1BEF44E5160DBD4000375296 /* MoveAcrossPath-Prefix.pch */,
			);
			name = "Supporting Files";
			sourceTree = "<group>";
		};
		1BEF44F4160DBD6000375296 /* MovePath */ = {
			isa = PBXGroup;
			children = (
				1B509966160DC08600DBCADB /* ApproxPath.png */,
				1BEF44F5160DBD6000375296 /* p1.png */,
			);
			path = MovePath;
			sourceTree = "<group>";
		};
/* End PBXGroup section */

/* Begin PBXNativeTarget section */
		1BEF44D2160DBD4000375296 /* MoveAcrossPath */ = {
			isa = PBXNativeTarget;
			buildConfigurationList = 1BEF44F1160DBD4000375296 /* Build configuration list for PBXNativeTarget "MoveAcrossPath" */;
			buildPhases = (
				1BEF44CF160DBD4000375296 /* Sources */,
				1BEF44D0160DBD4000375296 /* Frameworks */,
				1BEF44D1160DBD4000375296 /* Resources */,
			);
			buildRules = (
			);
			dependencies = (
			);
			name = MoveAcrossPath;
			productName = MoveAcrossPath;
			productReference = 1BEF44D3160DBD4000375296 /* MoveAcrossPath.app */;
			productType = "com.apple.product-type.application";
		};
/* End PBXNativeTarget section */

/* Begin PBXProject section */
		1BEF44CA160DBD4000375296 /* Project object */ = {
			isa = PBXProject;
			attributes = {
				CLASSPREFIX = ST;
				LastUpgradeCheck = 0440;
				ORGANIZATIONNAME = sugartin;
			};
			buildConfigurationList = 1BEF44CD160DBD4000375296 /* Build configuration list for PBXProject "MoveAcrossPath" */;
			compatibilityVersion = "Xcode 3.2";
			developmentRegion = English;
			hasScannedForEncodings = 0;
			knownRegions = (
				en,
			);
			mainGroup = 1BEF44C8160DBD4000375296;
			productRefGroup = 1BEF44D4160DBD4000375296 /* Products */;
			projectDirPath = "";
			projectRoot = "";
			targets = (
				1BEF44D2160DBD4000375296 /* MoveAcrossPath */,
			);
		};
/* End PBXProject section */

/* Begin PBXResourcesBuildPhase section */
		1BEF44D1160DBD4000375296 /* Resources */ = {
			isa = PBXResourcesBuildPhase;
			buildActionMask = 2147483647;
			files = (
				1BEF44E2160DBD4000375296 /* InfoPlist.strings in Resources */,
				1BEF44EE160DBD4000375296 /* STViewController.xib in Resources */,
				1BEF4501160DBD6000375296 /* p1.png in Resources */,
				1B509967160DC08600DBCADB /* ApproxPath.png in Resources */,
			);
			runOnlyForDeploymentPostprocessing = 0;
		};
/* End PBXResourcesBuildPhase section */

/* Begin PBXSourcesBuildPhase section */
		1BEF44CF160DBD4000375296 /* Sources */ = {
			isa = PBXSourcesBuildPhase;
			buildActionMask = 2147483647;
			files = (
				1BEF44E4160DBD4000375296 /* main.m in Sources */,
				1BEF44E8160DBD4000375296 /* STAppDelegate.m in Sources */,
				1BEF44EB160DBD4000375296 /* STViewController.m in Sources */,
			);
			runOnlyForDeploymentPostprocessing = 0;
		};
/* End PBXSourcesBuildPhase section */

/* Begin PBXVariantGroup section */
		1BEF44E0160DBD4000375296 /* InfoPlist.strings */ = {
			isa = PBXVariantGroup;
			children = (
				1BEF44E1160DBD4000375296 /* en */,
			);
			name = InfoPlist.strings;
			sourceTree = "<group>";
		};
		1BEF44EC160DBD4000375296 /* STViewController.xib */ = {
			isa = PBXVariantGroup;
			children = (
				1BEF44ED160DBD4000375296 /* en */,
			);
			name = STViewController.xib;
			sourceTree = "<group>";
		};
/* End PBXVariantGroup section */

/* Begin XCBuildConfiguration section */
		1BEF44EF160DBD4000375296 /* Debug */ = {
			isa = XCBuildConfiguration;
			buildSettings = {
				ALWAYS_SEARCH_USER_PATHS = NO;
				ARCHS = "$(ARCHS_STANDARD_32_BIT)";
				CLANG_CXX_LANGUAGE_STANDARD = "gnu++0x";
				CLANG_ENABLE_OBJC_ARC = YES;
				CLANG_WARN__DUPLICATE_METHOD_MATCH = YES;
				"CODE_SIGN_IDENTITY[sdk=iphoneos*]" = "iPhone Developer";
				COPY_PHASE_STRIP = NO;
				GCC_C_LANGUAGE_STANDARD = gnu99;
				GCC_DYNAMIC_NO_PIC = NO;
				GCC_OPTIMIZATION_LEVEL = 0;
				GCC_PREPROCESSOR_DEFINITIONS = (
					"DEBUG=1",
					"$(inherited)",
				);
				GCC_SYMBOLS_PRIVATE_EXTERN = NO;
				GCC_VERSION = com.apple.compilers.llvm.clang.1_0;
				GCC_WARN_ABOUT_RETURN_TYPE = YES;
				GCC_WARN_UNINITIALIZED_AUTOS = YES;
				GCC_WARN_UNUSED_VARIABLE = YES;
				IPHONEOS_DEPLOYMENT_TARGET = 5.1;
				SDKROOT = iphoneos;
			};
			name = Debug;
		};
		1BEF44F0160DBD4000375296 /* Release */ = {
			isa = XCBuildConfiguration;
			buildSettings = {
				ALWAYS_SEARCH_USER_PATHS = NO;
				ARCHS = "$(ARCHS_STANDARD_32_BIT)";
				CLANG_CXX_LANGUAGE_STANDARD = "gnu++0x";
				CLANG_ENABLE_OBJC_ARC = YES;
				CLANG_WARN__DUPLICATE_METHOD_MATCH = YES;
				"CODE_SIGN_IDENTITY[sdk=iphoneos*]" = "iPhone Developer";
				COPY_PHASE_STRIP = YES;
				GCC_C_LANGUAGE_STANDARD = gnu99;
				GCC_VERSION = com.apple.compilers.llvm.clang.1_0;
				GCC_WARN_ABOUT_RETURN_TYPE = YES;
				GCC_WARN_UNINITIALIZED_AUTOS = YES;
				GCC_WARN_UNUSED_VARIABLE = YES;
				IPHONEOS_DEPLOYMENT_TARGET = 5.1;
				OTHER_CFLAGS = "-DNS_BLOCK_ASSERTIONS=1";
				SDKROOT = iphoneos;
				VALIDATE_PRODUCT = YES;
			};
			name = Release;
		};
		1BEF44F2160DBD4000375296 /* Debug */ = {
			isa = XCBuildConfiguration;
			buildSettings = {
				GCC_PRECOMPILE_PREFIX_HEADER = YES;
				GCC_PREFIX_HEADER = "MoveAcrossPath/MoveAcrossPath-Prefix.pch";
				INFOPLIST_FILE = "MoveAcrossPath/MoveAcrossPath-Info.plist";
				PRODUCT_NAME = "$(TARGET_NAME)";
				WRAPPER_EXTENSION = app;
			};
			name = Debug;
		};
		1BEF44F3160DBD4000375296 /* Release */ = {
			isa = XCBuildConfiguration;
			buildSettings = {
				GCC_PRECOMPILE_PREFIX_HEADER = YES;
				GCC_PREFIX_HEADER = "MoveAcrossPath/MoveAcrossPath-Prefix.pch";
				INFOPLIST_FILE = "MoveAcrossPath/MoveAcrossPath-Info.plist";
				PRODUCT_NAME = "$(TARGET_NAME)";
				WRAPPER_EXTENSION = app;
			};
			name = Release;
		};
/* End XCBuildConfiguration section */

/* Begin XCConfigurationList section */
		1BEF44CD160DBD4000375296 /* Build configuration list for PBXProject "MoveAcrossPath" */ = {
			isa = XCConfigurationList;
			buildConfigurations = (
				1BEF44EF160DBD4000375296 /* Debug */,
				1BEF44F0160DBD4000375296 /* Release */,
			);
			defaultConfigurationIsVisible = 0;
			defaultConfigurationName = Release;
		};
		1BEF44F1160DBD4000375296 /* Build configuration list for PBXNativeTarget "MoveAcrossPath" */ = {
			isa = XCConfigurationList;
			buildConfigurations = (
				1BEF44F2160DBD4000375296 /* Debug */,
				1BEF44F3160DBD4000375296 /* Release */,
			);
			defaultConfigurationIsVisible = 0;
			defaultConfigurationName = Release;
		};
/* End XCConfigurationList section */
	};
	rootObject = 1BEF44CA160DBD4000375296 /* Project object */;
}
