// !$*UTF8*$!
{
	archiveVersion = 1;
	classes = {
	};
	objectVersion = 46;
	objects = {

/* Begin PBXBuildFile section */
		1B1F5261150E2B4000BAE861 /* UIKit.framework in Frameworks */ = {isa = PBXBuildFile; fileRef = 1B1F5260150E2B4000BAE861 /* UIKit.framework */; };
		1B1F5263150E2B4000BAE861 /* Foundation.framework in Frameworks */ = {isa = PBXBuildFile; fileRef = 1B1F5262150E2B4000BAE861 /* Foundation.framework */; };
		1B1F5265150E2B4000BAE861 /* CoreGraphics.framework in Frameworks */ = {isa = PBXBuildFile; fileRef = 1B1F5264150E2B4000BAE861 /* CoreGraphics.framework */; };
		1B1F526B150E2B4000BAE861 /* InfoPlist.strings in Resources */ = {isa = PBXBuildFile; fileRef = 1B1F5269150E2B4000BAE861 /* InfoPlist.strings */; };
		1B1F526D150E2B4000BAE861 /* main.m in Sources */ = {isa = PBXBuildFile; fileRef = 1B1F526C150E2B4000BAE861 /* main.m */; };
		1B1F5271150E2B4000BAE861 /* AppDelegate.m in Sources */ = {isa = PBXBuildFile; fileRef = 1B1F5270150E2B4000BAE861 /* AppDelegate.m */; };
		1B1F5274150E2B4000BAE861 /* ViewController.m in Sources */ = {isa = PBXBuildFile; fileRef = 1B1F5273150E2B4000BAE861 /* ViewController.m */; };
		1B1F5277150E2B4000BAE861 /* ViewController.xib in Resources */ = {isa = PBXBuildFile; fileRef = 1B1F5275150E2B4000BAE861 /* ViewController.xib */; };
		1B1F527E150E2B6900BAE861 /* AVFoundation.framework in Frameworks */ = {isa = PBXBuildFile; fileRef = 1B1F527D150E2B6900BAE861 /* AVFoundation.framework */; };
/* End PBXBuildFile section */

/* Begin PBXFileReference section */
		1B1F525C150E2B4000BAE861 /* sample.app */ = {isa = PBXFileReference; explicitFileType = wrapper.application; includeInIndex = 0; path = sample.app; sourceTree = BUILT_PRODUCTS_DIR; };
		1B1F5260150E2B4000BAE861 /* UIKit.framework */ = {isa = PBXFileReference; lastKnownFileType = wrapper.framework; name = UIKit.framework; path = System/Library/Frameworks/UIKit.framework; sourceTree = SDKROOT; };
		1B1F5262150E2B4000BAE861 /* Foundation.framework */ = {isa = PBXFileReference; lastKnownFileType = wrapper.framework; name = Foundation.framework; path = System/Library/Frameworks/Foundation.framework; sourceTree = SDKROOT; };
		1B1F5264150E2B4000BAE861 /* CoreGraphics.framework */ = {isa = PBXFileReference; lastKnownFileType = wrapper.framework; name = CoreGraphics.framework; path = System/Library/Frameworks/CoreGraphics.framework; sourceTree = SDKROOT; };
		1B1F5268150E2B4000BAE861 /* sample-Info.plist */ = {isa = PBXFileReference; lastKnownFileType = text.plist.xml; path = "sample-Info.plist"; sourceTree = "<group>"; };
		1B1F526A150E2B4000BAE861 /* en */ = {isa = PBXFileReference; lastKnownFileType = text.plist.strings; name = en; path = en.lproj/InfoPlist.strings; sourceTree = "<group>"; };
		1B1F526C150E2B4000BAE861 /* main.m */ = {isa = PBXFileReference; lastKnownFileType = sourcecode.c.objc; path = main.m; sourceTree = "<group>"; };
		1B1F526E150E2B4000BAE861 /* sample-Prefix.pch */ = {isa = PBXFileReference; lastKnownFileType = sourcecode.c.h; path = "sample-Prefix.pch"; sourceTree = "<group>"; };
		1B1F526F150E2B4000BAE861 /* AppDelegate.h */ = {isa = PBXFileReference; lastKnownFileType = sourcecode.c.h; path = AppDelegate.h; sourceTree = "<group>"; };
		1B1F5270150E2B4000BAE861 /* AppDelegate.m */ = {isa = PBXFileReference; lastKnownFileType = sourcecode.c.objc; path = AppDelegate.m; sourceTree = "<group>"; };
		1B1F5272150E2B4000BAE861 /* ViewController.h */ = {isa = PBXFileReference; lastKnownFileType = sourcecode.c.h; path = ViewController.h; sourceTree = "<group>"; };
		1B1F5273150E2B4000BAE861 /* ViewController.m */ = {isa = PBXFileReference; lastKnownFileType = sourcecode.c.objc; path = ViewController.m; sourceTree = "<group>"; };
		1B1F5276150E2B4000BAE861 /* en */ = {isa = PBXFileReference; lastKnownFileType = file.xib; name = en; path = en.lproj/ViewController.xib; sourceTree = "<group>"; };
		1B1F527D150E2B6900BAE861 /* AVFoundation.framework */ = {isa = PBXFileReference; lastKnownFileType = wrapper.framework; name = AVFoundation.framework; path = System/Library/Frameworks/AVFoundation.framework; sourceTree = SDKROOT; };
/* End PBXFileReference section */

/* Begin PBXFrameworksBuildPhase section */
		1B1F5259150E2B4000BAE861 /* Frameworks */ = {
			isa = PBXFrameworksBuildPhase;
			buildActionMask = 2147483647;
			files = (
				1B1F527E150E2B6900BAE861 /* AVFoundation.framework in Frameworks */,
				1B1F5261150E2B4000BAE861 /* UIKit.framework in Frameworks */,
				1B1F5263150E2B4000BAE861 /* Foundation.framework in Frameworks */,
				1B1F5265150E2B4000BAE861 /* CoreGraphics.framework in Frameworks */,
			);
			runOnlyForDeploymentPostprocessing = 0;
		};
/* End PBXFrameworksBuildPhase section */

/* Begin PBXGroup section */
		1B1F5251150E2B3F00BAE861 = {
			isa = PBXGroup;
			children = (
				1B1F5266150E2B4000BAE861 /* sample */,
				1B1F525F150E2B4000BAE861 /* Frameworks */,
				1B1F525D150E2B4000BAE861 /* Products */,
			);
			sourceTree = "<group>";
		};
		1B1F525D150E2B4000BAE861 /* Products */ = {
			isa = PBXGroup;
			children = (
				1B1F525C150E2B4000BAE861 /* sample.app */,
			);
			name = Products;
			sourceTree = "<group>";
		};
		1B1F525F150E2B4000BAE861 /* Frameworks */ = {
			isa = PBXGroup;
			children = (
				1B1F527D150E2B6900BAE861 /* AVFoundation.framework */,
				1B1F5260150E2B4000BAE861 /* UIKit.framework */,
				1B1F5262150E2B4000BAE861 /* Foundation.framework */,
				1B1F5264150E2B4000BAE861 /* CoreGraphics.framework */,
			);
			name = Frameworks;
			sourceTree = "<group>";
		};
		1B1F5266150E2B4000BAE861 /* sample */ = {
			isa = PBXGroup;
			children = (
				1B1F526F150E2B4000BAE861 /* AppDelegate.h */,
				1B1F5270150E2B4000BAE861 /* AppDelegate.m */,
				1B1F5272150E2B4000BAE861 /* ViewController.h */,
				1B1F5273150E2B4000BAE861 /* ViewController.m */,
				1B1F5275150E2B4000BAE861 /* ViewController.xib */,
				1B1F5267150E2B4000BAE861 /* Supporting Files */,
			);
			path = sample;
			sourceTree = "<group>";
		};
		1B1F5267150E2B4000BAE861 /* Supporting Files */ = {
			isa = PBXGroup;
			children = (
				1B1F5268150E2B4000BAE861 /* sample-Info.plist */,
				1B1F5269150E2B4000BAE861 /* InfoPlist.strings */,
				1B1F526C150E2B4000BAE861 /* main.m */,
				1B1F526E150E2B4000BAE861 /* sample-Prefix.pch */,
			);
			name = "Supporting Files";
			sourceTree = "<group>";
		};
/* End PBXGroup section */

/* Begin PBXNativeTarget section */
		1B1F525B150E2B4000BAE861 /* sample */ = {
			isa = PBXNativeTarget;
			buildConfigurationList = 1B1F527A150E2B4100BAE861 /* Build configuration list for PBXNativeTarget "sample" */;
			buildPhases = (
				1B1F5258150E2B4000BAE861 /* Sources */,
				1B1F5259150E2B4000BAE861 /* Frameworks */,
				1B1F525A150E2B4000BAE861 /* Resources */,
			);
			buildRules = (
			);
			dependencies = (
			);
			name = sample;
			productName = sample;
			productReference = 1B1F525C150E2B4000BAE861 /* sample.app */;
			productType = "com.apple.product-type.application";
		};
/* End PBXNativeTarget section */

/* Begin PBXProject section */
		1B1F5253150E2B3F00BAE861 /* Project object */ = {
			isa = PBXProject;
			attributes = {
				LastUpgradeCheck = 0420;
			};
			buildConfigurationList = 1B1F5256150E2B4000BAE861 /* Build configuration list for PBXProject "sample" */;
			compatibilityVersion = "Xcode 3.2";
			developmentRegion = English;
			hasScannedForEncodings = 0;
			knownRegions = (
				en,
			);
			mainGroup = 1B1F5251150E2B3F00BAE861;
			productRefGroup = 1B1F525D150E2B4000BAE861 /* Products */;
			projectDirPath = "";
			projectRoot = "";
			targets = (
				1B1F525B150E2B4000BAE861 /* sample */,
			);
		};
/* End PBXProject section */

/* Begin PBXResourcesBuildPhase section */
		1B1F525A150E2B4000BAE861 /* Resources */ = {
			isa = PBXResourcesBuildPhase;
			buildActionMask = 2147483647;
			files = (
				1B1F526B150E2B4000BAE861 /* InfoPlist.strings in Resources */,
				1B1F5277150E2B4000BAE861 /* ViewController.xib in Resources */,
			);
			runOnlyForDeploymentPostprocessing = 0;
		};
/* End PBXResourcesBuildPhase section */

/* Begin PBXSourcesBuildPhase section */
		1B1F5258150E2B4000BAE861 /* Sources */ = {
			isa = PBXSourcesBuildPhase;
			buildActionMask = 2147483647;
			files = (
				1B1F526D150E2B4000BAE861 /* main.m in Sources */,
				1B1F5271150E2B4000BAE861 /* AppDelegate.m in Sources */,
				1B1F5274150E2B4000BAE861 /* ViewController.m in Sources */,
			);
			runOnlyForDeploymentPostprocessing = 0;
		};
/* End PBXSourcesBuildPhase section */

/* Begin PBXVariantGroup section */
		1B1F5269150E2B4000BAE861 /* InfoPlist.strings */ = {
			isa = PBXVariantGroup;
			children = (
				1B1F526A150E2B4000BAE861 /* en */,
			);
			name = InfoPlist.strings;
			sourceTree = "<group>";
		};
		1B1F5275150E2B4000BAE861 /* ViewController.xib */ = {
			isa = PBXVariantGroup;
			children = (
				1B1F5276150E2B4000BAE861 /* en */,
			);
			name = ViewController.xib;
			sourceTree = "<group>";
		};
/* End PBXVariantGroup section */

/* Begin XCBuildConfiguration section */
		1B1F5278150E2B4000BAE861 /* Debug */ = {
			isa = XCBuildConfiguration;
			buildSettings = {
				ALWAYS_SEARCH_USER_PATHS = NO;
				ARCHS = "$(ARCHS_STANDARD_32_BIT)";
				CLANG_ENABLE_OBJC_ARC = YES;
				CODE_SIGN_IDENTITY = "iPhone Developer";
				"CODE_SIGN_IDENTITY[sdk=iphoneos*]" = "iPhone Developer";
				COPY_PHASE_STRIP = NO;
				GCC_C_LANGUAGE_STANDARD = gnu99;
				GCC_DYNAMIC_NO_PIC = NO;
				GCC_OPTIMIZATION_LEVEL = 0;
				GCC_PREPROCESSOR_DEFINITIONS = (
					"DEBUG=1",
					"$(inherited)",
				);
				GCC_SYMBOLS_PRIVATE_EXTERN = NO;
				GCC_VERSION = com.apple.compilers.llvm.clang.1_0;
				GCC_WARN_ABOUT_MISSING_PROTOTYPES = YES;
				GCC_WARN_ABOUT_RETURN_TYPE = YES;
				GCC_WARN_UNUSED_VARIABLE = YES;
				IPHONEOS_DEPLOYMENT_TARGET = 5.0;
				PROVISIONING_PROFILE = "";
				"PROVISIONING_PROFILE[sdk=iphoneos*]" = "";
				SDKROOT = iphoneos;
			};
			name = Debug;
		};
		1B1F5279150E2B4100BAE861 /* Release */ = {
			isa = XCBuildConfiguration;
			buildSettings = {
				ALWAYS_SEARCH_USER_PATHS = NO;
				ARCHS = "$(ARCHS_STANDARD_32_BIT)";
				CLANG_ENABLE_OBJC_ARC = YES;
				CODE_SIGN_IDENTITY = "iPhone Developer";
				"CODE_SIGN_IDENTITY[sdk=iphoneos*]" = "iPhone Developer";
				COPY_PHASE_STRIP = YES;
				GCC_C_LANGUAGE_STANDARD = gnu99;
				GCC_VERSION = com.apple.compilers.llvm.clang.1_0;
				GCC_WARN_ABOUT_MISSING_PROTOTYPES = YES;
				GCC_WARN_ABOUT_RETURN_TYPE = YES;
				GCC_WARN_UNUSED_VARIABLE = YES;
				IPHONEOS_DEPLOYMENT_TARGET = 5.0;
				OTHER_CFLAGS = "-DNS_BLOCK_ASSERTIONS=1";
				PROVISIONING_PROFILE = "";
				"PROVISIONING_PROFILE[sdk=iphoneos*]" = "";
				SDKROOT = iphoneos;
				VALIDATE_PRODUCT = YES;
			};
			name = Release;
		};
		1B1F527B150E2B4100BAE861 /* Debug */ = {
			isa = XCBuildConfiguration;
			buildSettings = {
				CODE_SIGN_IDENTITY = "iPhone Developer";
				"CODE_SIGN_IDENTITY[sdk=iphoneos*]" = "iPhone Developer";
				GCC_PRECOMPILE_PREFIX_HEADER = YES;
				GCC_PREFIX_HEADER = "sample/sample-Prefix.pch";
				INFOPLIST_FILE = "sample/sample-Info.plist";
				PRODUCT_NAME = "$(TARGET_NAME)";
				PROVISIONING_PROFILE = "";
				"PROVISIONING_PROFILE[sdk=iphoneos*]" = "";
				WRAPPER_EXTENSION = app;
			};
			name = Debug;
		};
		1B1F527C150E2B4100BAE861 /* Release */ = {
			isa = XCBuildConfiguration;
			buildSettings = {
				CODE_SIGN_IDENTITY = "iPhone Developer";
				"CODE_SIGN_IDENTITY[sdk=iphoneos*]" = "iPhone Developer";
				GCC_PRECOMPILE_PREFIX_HEADER = YES;
				GCC_PREFIX_HEADER = "sample/sample-Prefix.pch";
				INFOPLIST_FILE = "sample/sample-Info.plist";
				PRODUCT_NAME = "$(TARGET_NAME)";
				PROVISIONING_PROFILE = "";
				"PROVISIONING_PROFILE[sdk=iphoneos*]" = "";
				WRAPPER_EXTENSION = app;
			};
			name = Release;
		};
/* End XCBuildConfiguration section */

/* Begin XCConfigurationList section */
		1B1F5256150E2B4000BAE861 /* Build configuration list for PBXProject "sample" */ = {
			isa = XCConfigurationList;
			buildConfigurations = (
				1B1F5278150E2B4000BAE861 /* Debug */,
				1B1F5279150E2B4100BAE861 /* Release */,
			);
			defaultConfigurationIsVisible = 0;
			defaultConfigurationName = Release;
		};
		1B1F527A150E2B4100BAE861 /* Build configuration list for PBXNativeTarget "sample" */ = {
			isa = XCConfigurationList;
			buildConfigurations = (
				1B1F527B150E2B4100BAE861 /* Debug */,
				1B1F527C150E2B4100BAE861 /* Release */,
			);
			defaultConfigurationIsVisible = 0;
			defaultConfigurationName = Release;
		};
/* End XCConfigurationList section */
	};
	rootObject = 1B1F5253150E2B3F00BAE861 /* Project object */;
}
