// !$*UTF8*$!
{
	archiveVersion = 1;
	classes = {
	};
	objectVersion = 46;
	objects = {

/* Begin PBXBuildFile section */
		1E8FAB9113F3C79D0090D93D /* UIKit.framework in Frameworks */ = {isa = PBXBuildFile; fileRef = 1E8FAB9013F3C79D0090D93D /* UIKit.framework */; };
		1E8FAB9313F3C79D0090D93D /* Foundation.framework in Frameworks */ = {isa = PBXBuildFile; fileRef = 1E8FAB9213F3C79D0090D93D /* Foundation.framework */; };
		1E8FAB9513F3C79D0090D93D /* CoreGraphics.framework in Frameworks */ = {isa = PBXBuildFile; fileRef = 1E8FAB9413F3C79D0090D93D /* CoreGraphics.framework */; };
		1E8FAB9B13F3C79D0090D93D /* InfoPlist.strings in Resources */ = {isa = PBXBuildFile; fileRef = 1E8FAB9913F3C79D0090D93D /* InfoPlist.strings */; };
		1E8FAB9D13F3C79D0090D93D /* main.m in Sources */ = {isa = PBXBuildFile; fileRef = 1E8FAB9C13F3C79D0090D93D /* main.m */; };
		1E8FABA113F3C79D0090D93D /* DemoAccelerometerAppDelegate.m in Sources */ = {isa = PBXBuildFile; fileRef = 1E8FABA013F3C79D0090D93D /* DemoAccelerometerAppDelegate.m */; };
		1E8FABA413F3C79D0090D93D /* DemoAccelerometerViewController.m in Sources */ = {isa = PBXBuildFile; fileRef = 1E8FABA313F3C79D0090D93D /* DemoAccelerometerViewController.m */; };
		1E8FABA713F3C79D0090D93D /* DemoAccelerometerViewController.xib in Resources */ = {isa = PBXBuildFile; fileRef = 1E8FABA513F3C79D0090D93D /* DemoAccelerometerViewController.xib */; };
		1E8FABAE13F3C7B50090D93D /* Pendulum.png in Resources */ = {isa = PBXBuildFile; fileRef = 1E8FABAD13F3C7B50090D93D /* Pendulum.png */; };
/* End PBXBuildFile section */

/* Begin PBXFileReference section */
		1E8FAB8C13F3C79D0090D93D /* DemoAccelerometer.app */ = {isa = PBXFileReference; explicitFileType = wrapper.application; includeInIndex = 0; path = DemoAccelerometer.app; sourceTree = BUILT_PRODUCTS_DIR; };
		1E8FAB9013F3C79D0090D93D /* UIKit.framework */ = {isa = PBXFileReference; lastKnownFileType = wrapper.framework; name = UIKit.framework; path = System/Library/Frameworks/UIKit.framework; sourceTree = SDKROOT; };
		1E8FAB9213F3C79D0090D93D /* Foundation.framework */ = {isa = PBXFileReference; lastKnownFileType = wrapper.framework; name = Foundation.framework; path = System/Library/Frameworks/Foundation.framework; sourceTree = SDKROOT; };
		1E8FAB9413F3C79D0090D93D /* CoreGraphics.framework */ = {isa = PBXFileReference; lastKnownFileType = wrapper.framework; name = CoreGraphics.framework; path = System/Library/Frameworks/CoreGraphics.framework; sourceTree = SDKROOT; };
		1E8FAB9813F3C79D0090D93D /* DemoAccelerometer-Info.plist */ = {isa = PBXFileReference; lastKnownFileType = text.plist.xml; path = "DemoAccelerometer-Info.plist"; sourceTree = "<group>"; };
		1E8FAB9A13F3C79D0090D93D /* en */ = {isa = PBXFileReference; lastKnownFileType = text.plist.strings; name = en; path = en.lproj/InfoPlist.strings; sourceTree = "<group>"; };
		1E8FAB9C13F3C79D0090D93D /* main.m */ = {isa = PBXFileReference; lastKnownFileType = sourcecode.c.objc; path = main.m; sourceTree = "<group>"; };
		1E8FAB9E13F3C79D0090D93D /* DemoAccelerometer-Prefix.pch */ = {isa = PBXFileReference; lastKnownFileType = sourcecode.c.h; path = "DemoAccelerometer-Prefix.pch"; sourceTree = "<group>"; };
		1E8FAB9F13F3C79D0090D93D /* DemoAccelerometerAppDelegate.h */ = {isa = PBXFileReference; lastKnownFileType = sourcecode.c.h; path = DemoAccelerometerAppDelegate.h; sourceTree = "<group>"; };
		1E8FABA013F3C79D0090D93D /* DemoAccelerometerAppDelegate.m */ = {isa = PBXFileReference; lastKnownFileType = sourcecode.c.objc; path = DemoAccelerometerAppDelegate.m; sourceTree = "<group>"; };
		1E8FABA213F3C79D0090D93D /* DemoAccelerometerViewController.h */ = {isa = PBXFileReference; lastKnownFileType = sourcecode.c.h; path = DemoAccelerometerViewController.h; sourceTree = "<group>"; };
		1E8FABA313F3C79D0090D93D /* DemoAccelerometerViewController.m */ = {isa = PBXFileReference; lastKnownFileType = sourcecode.c.objc; path = DemoAccelerometerViewController.m; sourceTree = "<group>"; };
		1E8FABA613F3C79D0090D93D /* en */ = {isa = PBXFileReference; lastKnownFileType = file.xib; name = en; path = en.lproj/DemoAccelerometerViewController.xib; sourceTree = "<group>"; };
		1E8FABAD13F3C7B50090D93D /* Pendulum.png */ = {isa = PBXFileReference; lastKnownFileType = image.png; path = Pendulum.png; sourceTree = "<group>"; };
/* End PBXFileReference section */

/* Begin PBXFrameworksBuildPhase section */
		1E8FAB8913F3C79D0090D93D /* Frameworks */ = {
			isa = PBXFrameworksBuildPhase;
			buildActionMask = 2147483647;
			files = (
				1E8FAB9113F3C79D0090D93D /* UIKit.framework in Frameworks */,
				1E8FAB9313F3C79D0090D93D /* Foundation.framework in Frameworks */,
				1E8FAB9513F3C79D0090D93D /* CoreGraphics.framework in Frameworks */,
			);
			runOnlyForDeploymentPostprocessing = 0;
		};
/* End PBXFrameworksBuildPhase section */

/* Begin PBXGroup section */
		1E8FAB8113F3C79D0090D93D = {
			isa = PBXGroup;
			children = (
				1E8FAB9613F3C79D0090D93D /* DemoAccelerometer */,
				1E8FAB8F13F3C79D0090D93D /* Frameworks */,
				1E8FAB8D13F3C79D0090D93D /* Products */,
			);
			sourceTree = "<group>";
		};
		1E8FAB8D13F3C79D0090D93D /* Products */ = {
			isa = PBXGroup;
			children = (
				1E8FAB8C13F3C79D0090D93D /* DemoAccelerometer.app */,
			);
			name = Products;
			sourceTree = "<group>";
		};
		1E8FAB8F13F3C79D0090D93D /* Frameworks */ = {
			isa = PBXGroup;
			children = (
				1E8FAB9013F3C79D0090D93D /* UIKit.framework */,
				1E8FAB9213F3C79D0090D93D /* Foundation.framework */,
				1E8FAB9413F3C79D0090D93D /* CoreGraphics.framework */,
			);
			name = Frameworks;
			sourceTree = "<group>";
		};
		1E8FAB9613F3C79D0090D93D /* DemoAccelerometer */ = {
			isa = PBXGroup;
			children = (
				1E8FAB9F13F3C79D0090D93D /* DemoAccelerometerAppDelegate.h */,
				1E8FABA013F3C79D0090D93D /* DemoAccelerometerAppDelegate.m */,
				1E8FABA213F3C79D0090D93D /* DemoAccelerometerViewController.h */,
				1E8FABA313F3C79D0090D93D /* DemoAccelerometerViewController.m */,
				1E8FABA513F3C79D0090D93D /* DemoAccelerometerViewController.xib */,
				1E8FAB9713F3C79D0090D93D /* Supporting Files */,
			);
			path = DemoAccelerometer;
			sourceTree = "<group>";
		};
		1E8FAB9713F3C79D0090D93D /* Supporting Files */ = {
			isa = PBXGroup;
			children = (
				1E8FABAD13F3C7B50090D93D /* Pendulum.png */,
				1E8FAB9813F3C79D0090D93D /* DemoAccelerometer-Info.plist */,
				1E8FAB9913F3C79D0090D93D /* InfoPlist.strings */,
				1E8FAB9C13F3C79D0090D93D /* main.m */,
				1E8FAB9E13F3C79D0090D93D /* DemoAccelerometer-Prefix.pch */,
			);
			name = "Supporting Files";
			sourceTree = "<group>";
		};
/* End PBXGroup section */

/* Begin PBXNativeTarget section */
		1E8FAB8B13F3C79D0090D93D /* DemoAccelerometer */ = {
			isa = PBXNativeTarget;
			buildConfigurationList = 1E8FABAA13F3C79D0090D93D /* Build configuration list for PBXNativeTarget "DemoAccelerometer" */;
			buildPhases = (
				1E8FAB8813F3C79D0090D93D /* Sources */,
				1E8FAB8913F3C79D0090D93D /* Frameworks */,
				1E8FAB8A13F3C79D0090D93D /* Resources */,
			);
			buildRules = (
			);
			dependencies = (
			);
			name = DemoAccelerometer;
			productName = DemoAccelerometer;
			productReference = 1E8FAB8C13F3C79D0090D93D /* DemoAccelerometer.app */;
			productType = "com.apple.product-type.application";
		};
/* End PBXNativeTarget section */

/* Begin PBXProject section */
		1E8FAB8313F3C79D0090D93D /* Project object */ = {
			isa = PBXProject;
			buildConfigurationList = 1E8FAB8613F3C79D0090D93D /* Build configuration list for PBXProject "DemoAccelerometer" */;
			compatibilityVersion = "Xcode 3.2";
			developmentRegion = English;
			hasScannedForEncodings = 0;
			knownRegions = (
				en,
			);
			mainGroup = 1E8FAB8113F3C79D0090D93D;
			productRefGroup = 1E8FAB8D13F3C79D0090D93D /* Products */;
			projectDirPath = "";
			projectRoot = "";
			targets = (
				1E8FAB8B13F3C79D0090D93D /* DemoAccelerometer */,
			);
		};
/* End PBXProject section */

/* Begin PBXResourcesBuildPhase section */
		1E8FAB8A13F3C79D0090D93D /* Resources */ = {
			isa = PBXResourcesBuildPhase;
			buildActionMask = 2147483647;
			files = (
				1E8FAB9B13F3C79D0090D93D /* InfoPlist.strings in Resources */,
				1E8FABA713F3C79D0090D93D /* DemoAccelerometerViewController.xib in Resources */,
				1E8FABAE13F3C7B50090D93D /* Pendulum.png in Resources */,
			);
			runOnlyForDeploymentPostprocessing = 0;
		};
/* End PBXResourcesBuildPhase section */

/* Begin PBXSourcesBuildPhase section */
		1E8FAB8813F3C79D0090D93D /* Sources */ = {
			isa = PBXSourcesBuildPhase;
			buildActionMask = 2147483647;
			files = (
				1E8FAB9D13F3C79D0090D93D /* main.m in Sources */,
				1E8FABA113F3C79D0090D93D /* DemoAccelerometerAppDelegate.m in Sources */,
				1E8FABA413F3C79D0090D93D /* DemoAccelerometerViewController.m in Sources */,
			);
			runOnlyForDeploymentPostprocessing = 0;
		};
/* End PBXSourcesBuildPhase section */

/* Begin PBXVariantGroup section */
		1E8FAB9913F3C79D0090D93D /* InfoPlist.strings */ = {
			isa = PBXVariantGroup;
			children = (
				1E8FAB9A13F3C79D0090D93D /* en */,
			);
			name = InfoPlist.strings;
			sourceTree = "<group>";
		};
		1E8FABA513F3C79D0090D93D /* DemoAccelerometerViewController.xib */ = {
			isa = PBXVariantGroup;
			children = (
				1E8FABA613F3C79D0090D93D /* en */,
			);
			name = DemoAccelerometerViewController.xib;
			sourceTree = "<group>";
		};
/* End PBXVariantGroup section */

/* Begin XCBuildConfiguration section */
		1E8FABA813F3C79D0090D93D /* Debug */ = {
			isa = XCBuildConfiguration;
			buildSettings = {
				ALWAYS_SEARCH_USER_PATHS = NO;
				ARCHS = "$(ARCHS_STANDARD_32_BIT)";
				CLANG_ENABLE_OBJC_ARC = YES;
				CODE_SIGN_IDENTITY = "iPhone Developer: Mustafa Baiwala (GLLT789YH2)";
				"CODE_SIGN_IDENTITY[sdk=iphoneos*]" = "iPhone Developer: Mustafa Baiwala (GLLT789YH2)";
				COPY_PHASE_STRIP = NO;
				GCC_C_LANGUAGE_STANDARD = gnu99;
				GCC_DYNAMIC_NO_PIC = NO;
				GCC_OPTIMIZATION_LEVEL = 0;
				GCC_PREPROCESSOR_DEFINITIONS = (
					"DEBUG=1",
					"$(inherited)",
				);
				GCC_SYMBOLS_PRIVATE_EXTERN = NO;
				GCC_VERSION = com.apple.compilers.llvm.clang.1_0;
				GCC_WARN_ABOUT_MISSING_PROTOTYPES = YES;
				GCC_WARN_ABOUT_RETURN_TYPE = YES;
				GCC_WARN_UNUSED_VARIABLE = YES;
				IPHONEOS_DEPLOYMENT_TARGET = 3.0;
				PROVISIONING_PROFILE = "E505F33C-5DCC-4061-8D60-8AF3D7170537";
				"PROVISIONING_PROFILE[sdk=iphoneos*]" = "E505F33C-5DCC-4061-8D60-8AF3D7170537";
				SDKROOT = iphoneos;
			};
			name = Debug;
		};
		1E8FABA913F3C79D0090D93D /* Release */ = {
			isa = XCBuildConfiguration;
			buildSettings = {
				ALWAYS_SEARCH_USER_PATHS = NO;
				ARCHS = "$(ARCHS_STANDARD_32_BIT)";
				CLANG_ENABLE_OBJC_ARC = YES;
				CODE_SIGN_IDENTITY = "iPhone Developer: Mustafa Baiwala (GLLT789YH2)";
				"CODE_SIGN_IDENTITY[sdk=iphoneos*]" = "iPhone Developer: Mustafa Baiwala (GLLT789YH2)";
				COPY_PHASE_STRIP = YES;
				GCC_C_LANGUAGE_STANDARD = gnu99;
				GCC_VERSION = com.apple.compilers.llvm.clang.1_0;
				GCC_WARN_ABOUT_MISSING_PROTOTYPES = YES;
				GCC_WARN_ABOUT_RETURN_TYPE = YES;
				GCC_WARN_UNUSED_VARIABLE = YES;
				IPHONEOS_DEPLOYMENT_TARGET = 3.0;
				OTHER_CFLAGS = "-DNS_BLOCK_ASSERTIONS=1";
				PROVISIONING_PROFILE = "E505F33C-5DCC-4061-8D60-8AF3D7170537";
				"PROVISIONING_PROFILE[sdk=iphoneos*]" = "E505F33C-5DCC-4061-8D60-8AF3D7170537";
				SDKROOT = iphoneos;
				VALIDATE_PRODUCT = YES;
			};
			name = Release;
		};
		1E8FABAB13F3C79D0090D93D /* Debug */ = {
			isa = XCBuildConfiguration;
			buildSettings = {
				CODE_SIGN_IDENTITY = "iPhone Developer: Mustafa Baiwala (GLLT789YH2)";
				"CODE_SIGN_IDENTITY[sdk=iphoneos*]" = "iPhone Developer: Mustafa Baiwala (GLLT789YH2)";
				GCC_PRECOMPILE_PREFIX_HEADER = YES;
				GCC_PREFIX_HEADER = "DemoAccelerometer/DemoAccelerometer-Prefix.pch";
				INFOPLIST_FILE = "DemoAccelerometer/DemoAccelerometer-Info.plist";
				PRODUCT_NAME = "$(TARGET_NAME)";
				PROVISIONING_PROFILE = "E505F33C-5DCC-4061-8D60-8AF3D7170537";
				"PROVISIONING_PROFILE[sdk=iphoneos*]" = "E505F33C-5DCC-4061-8D60-8AF3D7170537";
				WRAPPER_EXTENSION = app;
			};
			name = Debug;
		};
		1E8FABAC13F3C79D0090D93D /* Release */ = {
			isa = XCBuildConfiguration;
			buildSettings = {
				CODE_SIGN_IDENTITY = "iPhone Developer: Mustafa Baiwala (GLLT789YH2)";
				"CODE_SIGN_IDENTITY[sdk=iphoneos*]" = "iPhone Developer: Mustafa Baiwala (GLLT789YH2)";
				GCC_PRECOMPILE_PREFIX_HEADER = YES;
				GCC_PREFIX_HEADER = "DemoAccelerometer/DemoAccelerometer-Prefix.pch";
				INFOPLIST_FILE = "DemoAccelerometer/DemoAccelerometer-Info.plist";
				PRODUCT_NAME = "$(TARGET_NAME)";
				PROVISIONING_PROFILE = "E505F33C-5DCC-4061-8D60-8AF3D7170537";
				"PROVISIONING_PROFILE[sdk=iphoneos*]" = "E505F33C-5DCC-4061-8D60-8AF3D7170537";
				WRAPPER_EXTENSION = app;
			};
			name = Release;
		};
/* End XCBuildConfiguration section */

/* Begin XCConfigurationList section */
		1E8FAB8613F3C79D0090D93D /* Build configuration list for PBXProject "DemoAccelerometer" */ = {
			isa = XCConfigurationList;
			buildConfigurations = (
				1E8FABA813F3C79D0090D93D /* Debug */,
				1E8FABA913F3C79D0090D93D /* Release */,
			);
			defaultConfigurationIsVisible = 0;
			defaultConfigurationName = Release;
		};
		1E8FABAA13F3C79D0090D93D /* Build configuration list for PBXNativeTarget "DemoAccelerometer" */ = {
			isa = XCConfigurationList;
			buildConfigurations = (
				1E8FABAB13F3C79D0090D93D /* Debug */,
				1E8FABAC13F3C79D0090D93D /* Release */,
			);
			defaultConfigurationIsVisible = 0;
		};
/* End XCConfigurationList section */
	};
	rootObject = 1E8FAB8313F3C79D0090D93D /* Project object */;
}
